// !$*UTF8*$!
{
	archiveVersion = 1;
	classes = {
	};
	objectVersion = 44;
	objects = {

/* Begin PBXBuildFile section */
		8DD76F650486A84900D96B5E /* main.cpp in Sources */ = {isa = PBXBuildFile; fileRef = 08FB7796FE84155DC02AAC07 /* main.cpp */; settings = {ATTRIBUTES = (); }; };
		8DD76F6A0486A84900D96B5E /* GameEngine.1 in CopyFiles */ = {isa = PBXBuildFile; fileRef = C6859E8B029090EE04C91782 /* GameEngine.1 */; };
		931D17E00FD2CEEF00D5D4BE /* IOKit.framework in Frameworks */ = {isa = PBXBuildFile; fileRef = 931D17DF0FD2CEEF00D5D4BE /* IOKit.framework */; };
		932BCDC00FCF37A60073DF91 /* libboost_thread-xgcc40-mt-1_39.dylib in Frameworks */ = {isa = PBXBuildFile; fileRef = 932BCDBF0FCF37A60073DF91 /* libboost_thread-xgcc40-mt-1_39.dylib */; };
		932BCDE40FCF3AB50073DF91 /* Kernel.cpp in Sources */ = {isa = PBXBuildFile; fileRef = 932BCDE30FCF3AB50073DF91 /* Kernel.cpp */; };
		9332B3EE0FDCAF6D00091DD8 /* Script.cpp in Sources */ = {isa = PBXBuildFile; fileRef = 9332B3ED0FDCAF6D00091DD8 /* Script.cpp */; };
		9332B3F10FDCAFE500091DD8 /* VM.cpp in Sources */ = {isa = PBXBuildFile; fileRef = 9332B3F00FDCAFE500091DD8 /* VM.cpp */; };
		934A793D0FD1F58400E8982E /* Texture.cpp in Sources */ = {isa = PBXBuildFile; fileRef = 934A793C0FD1F58400E8982E /* Texture.cpp */; };
		93654E780FE0B98900DB68A8 /* print.c in Sources */ = {isa = PBXBuildFile; fileRef = 93654E580FE0B98900DB68A8 /* print.c */; };
		93654E790FE0B98900DB68A8 /* lzio.c in Sources */ = {isa = PBXBuildFile; fileRef = 93654E590FE0B98900DB68A8 /* lzio.c */; };
		93654E7A0FE0B98900DB68A8 /* lvm.c in Sources */ = {isa = PBXBuildFile; fileRef = 93654E5A0FE0B98900DB68A8 /* lvm.c */; };
		93654E7B0FE0B98900DB68A8 /* lundump.c in Sources */ = {isa = PBXBuildFile; fileRef = 93654E5B0FE0B98900DB68A8 /* lundump.c */; };
		93654E7E0FE0B98900DB68A8 /* ltm.c in Sources */ = {isa = PBXBuildFile; fileRef = 93654E5E0FE0B98900DB68A8 /* ltm.c */; };
		93654E7F0FE0B98900DB68A8 /* ltablib.c in Sources */ = {isa = PBXBuildFile; fileRef = 93654E5F0FE0B98900DB68A8 /* ltablib.c */; };
		93654E800FE0B98900DB68A8 /* ltable.c in Sources */ = {isa = PBXBuildFile; fileRef = 93654E600FE0B98900DB68A8 /* ltable.c */; };
		93654E810FE0B98900DB68A8 /* lstrlib.c in Sources */ = {isa = PBXBuildFile; fileRef = 93654E610FE0B98900DB68A8 /* lstrlib.c */; };
		93654E820FE0B98900DB68A8 /* lstring.c in Sources */ = {isa = PBXBuildFile; fileRef = 93654E620FE0B98900DB68A8 /* lstring.c */; };
		93654E830FE0B98900DB68A8 /* lstate.c in Sources */ = {isa = PBXBuildFile; fileRef = 93654E630FE0B98900DB68A8 /* lstate.c */; };
		93654E840FE0B98900DB68A8 /* lparser.c in Sources */ = {isa = PBXBuildFile; fileRef = 93654E640FE0B98900DB68A8 /* lparser.c */; };
		93654E850FE0B98900DB68A8 /* liolib.c in Sources */ = {isa = PBXBuildFile; fileRef = 93654E650FE0B98900DB68A8 /* liolib.c */; };
		93654E860FE0B98900DB68A8 /* linit.c in Sources */ = {isa = PBXBuildFile; fileRef = 93654E660FE0B98900DB68A8 /* linit.c */; };
		93654E870FE0B98900DB68A8 /* lgc.c in Sources */ = {isa = PBXBuildFile; fileRef = 93654E670FE0B98900DB68A8 /* lgc.c */; };
		93654E880FE0B98900DB68A8 /* lfunc.c in Sources */ = {isa = PBXBuildFile; fileRef = 93654E680FE0B98900DB68A8 /* lfunc.c */; };
		93654E890FE0B98900DB68A8 /* ldebug.c in Sources */ = {isa = PBXBuildFile; fileRef = 93654E690FE0B98900DB68A8 /* ldebug.c */; };
		93654E8A0FE0B98900DB68A8 /* ldo.c in Sources */ = {isa = PBXBuildFile; fileRef = 93654E6A0FE0B98900DB68A8 /* ldo.c */; };
		93654E8B0FE0B98900DB68A8 /* lobject.c in Sources */ = {isa = PBXBuildFile; fileRef = 93654E6B0FE0B98900DB68A8 /* lobject.c */; };
		93654E8C0FE0B98900DB68A8 /* loadlib.c in Sources */ = {isa = PBXBuildFile; fileRef = 93654E6C0FE0B98900DB68A8 /* loadlib.c */; };
		93654E8D0FE0B98900DB68A8 /* lmem.c in Sources */ = {isa = PBXBuildFile; fileRef = 93654E6D0FE0B98900DB68A8 /* lmem.c */; };
		93654E8E0FE0B98900DB68A8 /* lmathlib.c in Sources */ = {isa = PBXBuildFile; fileRef = 93654E6E0FE0B98900DB68A8 /* lmathlib.c */; };
		93654E8F0FE0B98900DB68A8 /* llex.c in Sources */ = {isa = PBXBuildFile; fileRef = 93654E6F0FE0B98900DB68A8 /* llex.c */; };
		93654E900FE0B98900DB68A8 /* ldump.c in Sources */ = {isa = PBXBuildFile; fileRef = 93654E700FE0B98900DB68A8 /* ldump.c */; };
		93654E910FE0B98900DB68A8 /* loslib.c in Sources */ = {isa = PBXBuildFile; fileRef = 93654E710FE0B98900DB68A8 /* loslib.c */; };
		93654E920FE0B98900DB68A8 /* lopcodes.c in Sources */ = {isa = PBXBuildFile; fileRef = 93654E720FE0B98900DB68A8 /* lopcodes.c */; };
		93654E930FE0B98900DB68A8 /* lapi.c in Sources */ = {isa = PBXBuildFile; fileRef = 93654E730FE0B98900DB68A8 /* lapi.c */; };
		93654E940FE0B98900DB68A8 /* lbaselib.c in Sources */ = {isa = PBXBuildFile; fileRef = 93654E740FE0B98900DB68A8 /* lbaselib.c */; };
		93654E950FE0B98900DB68A8 /* lauxlib.c in Sources */ = {isa = PBXBuildFile; fileRef = 93654E750FE0B98900DB68A8 /* lauxlib.c */; };
		93654E960FE0B98900DB68A8 /* ldblib.c in Sources */ = {isa = PBXBuildFile; fileRef = 93654E760FE0B98900DB68A8 /* ldblib.c */; };
		93654E970FE0B98900DB68A8 /* lcode.c in Sources */ = {isa = PBXBuildFile; fileRef = 93654E770FE0B98900DB68A8 /* lcode.c */; };
		93765C2C0FD49FD100CE09B0 /* ParticleSystem.cpp in Sources */ = {isa = PBXBuildFile; fileRef = 93765C2B0FD49FD100CE09B0 /* ParticleSystem.cpp */; };
		938B068E0FD09A4D007C5F3D /* Render.cpp in Sources */ = {isa = PBXBuildFile; fileRef = 938B068D0FD09A4D007C5F3D /* Render.cpp */; };
		938B06920FD09A7C007C5F3D /* Window.cpp in Sources */ = {isa = PBXBuildFile; fileRef = 938B06910FD09A7C007C5F3D /* Window.cpp */; };
		938B06940FD09B1E007C5F3D /* GLUT.framework in Frameworks */ = {isa = PBXBuildFile; fileRef = 938B06930FD09B1E007C5F3D /* GLUT.framework */; };
		938B06980FD09B4F007C5F3D /* OpenGL.framework in Frameworks */ = {isa = PBXBuildFile; fileRef = 938B06970FD09B4F007C5F3D /* OpenGL.framework */; };
		938B07460FD0A971007C5F3D /* Cocoa.framework in Frameworks */ = {isa = PBXBuildFile; fileRef = 938B07450FD0A971007C5F3D /* Cocoa.framework */; };
		938B074D0FD0A983007C5F3D /* SDLMain.m in Sources */ = {isa = PBXBuildFile; fileRef = 938B074B0FD0A983007C5F3D /* SDLMain.m */; };
		938F9F040FEB26EE000E4F91 /* ResourceManager.cpp in Sources */ = {isa = PBXBuildFile; fileRef = 938F9F030FEB26EE000E4F91 /* ResourceManager.cpp */; };
		9393759E0FD6008A007C8E60 /* WorldUpdater.cpp in Sources */ = {isa = PBXBuildFile; fileRef = 9393759D0FD6008A007C8E60 /* WorldUpdater.cpp */; };
		93A1F0780FD2DB6100F7F1CC /* libphysfs.2.0.0.dylib in Frameworks */ = {isa = PBXBuildFile; fileRef = 93A1F0770FD2DB6100F7F1CC /* libphysfs.2.0.0.dylib */; };
		93A1F0990FD2DCE600F7F1CC /* SDL.framework in Frameworks */ = {isa = PBXBuildFile; fileRef = 93A1F0980FD2DCE600F7F1CC /* SDL.framework */; };
		93A1F0D20FD2DCF600F7F1CC /* IMG_lbm.c in Sources */ = {isa = PBXBuildFile; fileRef = 93A1F0C50FD2DCF500F7F1CC /* IMG_lbm.c */; };
		93A1F0D30FD2DCF600F7F1CC /* IMG_xv.c in Sources */ = {isa = PBXBuildFile; fileRef = 93A1F0C60FD2DCF500F7F1CC /* IMG_xv.c */; };
		93A1F0D40FD2DCF600F7F1CC /* IMG_bmp.c in Sources */ = {isa = PBXBuildFile; fileRef = 93A1F0C70FD2DCF500F7F1CC /* IMG_bmp.c */; };
		93A1F0D50FD2DCF600F7F1CC /* IMG_xcf.c in Sources */ = {isa = PBXBuildFile; fileRef = 93A1F0C80FD2DCF500F7F1CC /* IMG_xcf.c */; };
		93A1F0D60FD2DCF600F7F1CC /* IMG_gif.c in Sources */ = {isa = PBXBuildFile; fileRef = 93A1F0C90FD2DCF600F7F1CC /* IMG_gif.c */; };
		93A1F0D70FD2DCF600F7F1CC /* IMG_tga.c in Sources */ = {isa = PBXBuildFile; fileRef = 93A1F0CA0FD2DCF600F7F1CC /* IMG_tga.c */; };
		93A1F0D80FD2DCF600F7F1CC /* IMG_png.c in Sources */ = {isa = PBXBuildFile; fileRef = 93A1F0CB0FD2DCF600F7F1CC /* IMG_png.c */; };
		93A1F0D90FD2DCF600F7F1CC /* IMG_jpg.c in Sources */ = {isa = PBXBuildFile; fileRef = 93A1F0CC0FD2DCF600F7F1CC /* IMG_jpg.c */; };
		93A1F0DA0FD2DCF600F7F1CC /* IMG_pnm.c in Sources */ = {isa = PBXBuildFile; fileRef = 93A1F0CD0FD2DCF600F7F1CC /* IMG_pnm.c */; };
		93A1F0DB0FD2DCF600F7F1CC /* IMG_xpm.c in Sources */ = {isa = PBXBuildFile; fileRef = 93A1F0CE0FD2DCF600F7F1CC /* IMG_xpm.c */; };
		93A1F0DC0FD2DCF600F7F1CC /* IMG.c in Sources */ = {isa = PBXBuildFile; fileRef = 93A1F0CF0FD2DCF600F7F1CC /* IMG.c */; };
		93A1F0DD0FD2DCF600F7F1CC /* IMG_pcx.c in Sources */ = {isa = PBXBuildFile; fileRef = 93A1F0D00FD2DCF600F7F1CC /* IMG_pcx.c */; };
		93A1F0DE0FD2DCF600F7F1CC /* IMG_tif.c in Sources */ = {isa = PBXBuildFile; fileRef = 93A1F0D10FD2DCF600F7F1CC /* IMG_tif.c */; };
		93A1F1320FD2EADC00F7F1CC /* World.cpp in Sources */ = {isa = PBXBuildFile; fileRef = 93A1F1310FD2EADC00F7F1CC /* World.cpp */; };
		93A1F1480FD2ECBE00F7F1CC /* Mesh.cpp in Sources */ = {isa = PBXBuildFile; fileRef = 93A1F1470FD2ECBE00F7F1CC /* Mesh.cpp */; };
		93A1F1530FD2ED8500F7F1CC /* Vertex.cpp in Sources */ = {isa = PBXBuildFile; fileRef = 93A1F1520FD2ED8500F7F1CC /* Vertex.cpp */; };
		93AAE2690FCD941C00EA409C /* Task.cpp in Sources */ = {isa = PBXBuildFile; fileRef = 93AAE2680FCD941C00EA409C /* Task.cpp */; };
		93B1128E0FDE08DB0074580B /* find_best_match.cpp in Sources */ = {isa = PBXBuildFile; fileRef = 93B1127A0FDE08DB0074580B /* find_best_match.cpp */; };
		93B1128F0FDE08DB0074580B /* error.cpp in Sources */ = {isa = PBXBuildFile; fileRef = 93B1127B0FDE08DB0074580B /* error.cpp */; };
		93B112900FDE08DB0074580B /* create_class.cpp in Sources */ = {isa = PBXBuildFile; fileRef = 93B1127C0FDE08DB0074580B /* create_class.cpp */; };
		93B112910FDE08DB0074580B /* class.cpp in Sources */ = {isa = PBXBuildFile; fileRef = 93B1127D0FDE08DB0074580B /* class.cpp */; };
		93B112920FDE08DB0074580B /* wrapper_base.cpp in Sources */ = {isa = PBXBuildFile; fileRef = 93B1127E0FDE08DB0074580B /* wrapper_base.cpp */; };
		93B112930FDE08DB0074580B /* stack_content_by_name.cpp in Sources */ = {isa = PBXBuildFile; fileRef = 93B1127F0FDE08DB0074580B /* stack_content_by_name.cpp */; };
		93B112940FDE08DB0074580B /* function.cpp in Sources */ = {isa = PBXBuildFile; fileRef = 93B112800FDE08DB0074580B /* function.cpp */; };
		93B112950FDE08DB0074580B /* ref.cpp in Sources */ = {isa = PBXBuildFile; fileRef = 93B112810FDE08DB0074580B /* ref.cpp */; };
		93B112960FDE08DB0074580B /* implicit_cast.cpp in Sources */ = {isa = PBXBuildFile; fileRef = 93B112820FDE08DB0074580B /* implicit_cast.cpp */; };
		93B112970FDE08DB0074580B /* open.cpp in Sources */ = {isa = PBXBuildFile; fileRef = 93B112830FDE08DB0074580B /* open.cpp */; };
		93B112980FDE08DB0074580B /* exception_handler.cpp in Sources */ = {isa = PBXBuildFile; fileRef = 93B112840FDE08DB0074580B /* exception_handler.cpp */; };
		93B112990FDE08DB0074580B /* class_registry.cpp in Sources */ = {isa = PBXBuildFile; fileRef = 93B112850FDE08DB0074580B /* class_registry.cpp */; };
		93B1129A0FDE08DB0074580B /* object_rep.cpp in Sources */ = {isa = PBXBuildFile; fileRef = 93B112860FDE08DB0074580B /* object_rep.cpp */; };
		93B1129B0FDE08DB0074580B /* scope.cpp in Sources */ = {isa = PBXBuildFile; fileRef = 93B112870FDE08DB0074580B /* scope.cpp */; };
		93B1129C0FDE08DB0074580B /* link_compatibility.cpp in Sources */ = {isa = PBXBuildFile; fileRef = 93B112880FDE08DB0074580B /* link_compatibility.cpp */; };
		93B1129D0FDE08DB0074580B /* pcall.cpp in Sources */ = {isa = PBXBuildFile; fileRef = 93B112890FDE08DB0074580B /* pcall.cpp */; };
		93B1129E0FDE08DB0074580B /* class_rep.cpp in Sources */ = {isa = PBXBuildFile; fileRef = 93B1128A0FDE08DB0074580B /* class_rep.cpp */; };
		93B1129F0FDE08DB0074580B /* weak_ref.cpp in Sources */ = {isa = PBXBuildFile; fileRef = 93B1128B0FDE08DB0074580B /* weak_ref.cpp */; };
		93B112A00FDE08DB0074580B /* overload_rep.cpp in Sources */ = {isa = PBXBuildFile; fileRef = 93B1128C0FDE08DB0074580B /* overload_rep.cpp */; };
		93B112A10FDE08DB0074580B /* class_info.cpp in Sources */ = {isa = PBXBuildFile; fileRef = 93B1128D0FDE08DB0074580B /* class_info.cpp */; };
		93B98DE30FDE24FC00DE735F /* Console.cpp in Sources */ = {isa = PBXBuildFile; fileRef = 93B98DE20FDE24FC00DE735F /* Console.cpp */; };
		93BD08440FDB60B900F46A41 /* Client.cpp in Sources */ = {isa = PBXBuildFile; fileRef = 93BD08430FDB60B900F46A41 /* Client.cpp */; };
		93C6F2D80FD491E200957990 /* Vector.cpp in Sources */ = {isa = PBXBuildFile; fileRef = 93C6F2D70FD491E200957990 /* Vector.cpp */; };
		93CBEE820FD15D14006FC272 /* Input.cpp in Sources */ = {isa = PBXBuildFile; fileRef = 93CBEE810FD15D14006FC272 /* Input.cpp */; };
		93CBEF130FD183A9006FC272 /* LockFreeFIFO.cpp in Sources */ = {isa = PBXBuildFile; fileRef = 93CBEF120FD183A9006FC272 /* LockFreeFIFO.cpp */; };
		93D642520FD5962400F09BE3 /* Entity.cpp in Sources */ = {isa = PBXBuildFile; fileRef = 93D642510FD5962400F09BE3 /* Entity.cpp */; };
		93D6426C0FD59EFD00F09BE3 /* PlayerEntity.cpp in Sources */ = {isa = PBXBuildFile; fileRef = 93D6426B0FD59EFD00F09BE3 /* PlayerEntity.cpp */; };
		93D642740FD5A2EC00F09BE3 /* Level.cpp in Sources */ = {isa = PBXBuildFile; fileRef = 93D642730FD5A2EC00F09BE3 /* Level.cpp */; };
		93D643B30FD5B22700F09BE3 /* Plane.cpp in Sources */ = {isa = PBXBuildFile; fileRef = 93D643B20FD5B22700F09BE3 /* Plane.cpp */; };
		93DE01AA0FDF49E000019413 /* VFS.cpp in Sources */ = {isa = PBXBuildFile; fileRef = 93DE01A90FDF49E000019413 /* VFS.cpp */; };
		93E0CC010FD5F75B00D23193 /* Timer.cpp in Sources */ = {isa = PBXBuildFile; fileRef = 93E0CC000FD5F75B00D23193 /* Timer.cpp */; };
/* End PBXBuildFile section */

/* Begin PBXCopyFilesBuildPhase section */
		8DD76F690486A84900D96B5E /* CopyFiles */ = {
			isa = PBXCopyFilesBuildPhase;
			buildActionMask = 8;
			dstPath = /usr/share/man/man1/;
			dstSubfolderSpec = 0;
			files = (
				8DD76F6A0486A84900D96B5E /* GameEngine.1 in CopyFiles */,
			);
			runOnlyForDeploymentPostprocessing = 1;
		};
/* End PBXCopyFilesBuildPhase section */

/* Begin PBXFileReference section */
		08FB7796FE84155DC02AAC07 /* main.cpp */ = {isa = PBXFileReference; fileEncoding = 4; lastKnownFileType = sourcecode.cpp.cpp; path = main.cpp; sourceTree = "<group>"; };
		8DD76F6C0486A84900D96B5E /* GameEngine */ = {isa = PBXFileReference; explicitFileType = "compiled.mach-o.executable"; includeInIndex = 0; path = GameEngine; sourceTree = BUILT_PRODUCTS_DIR; };
		931D17DF0FD2CEEF00D5D4BE /* IOKit.framework */ = {isa = PBXFileReference; lastKnownFileType = wrapper.framework; name = IOKit.framework; path = /System/Library/Frameworks/IOKit.framework; sourceTree = "<absolute>"; };
		932BCDBF0FCF37A60073DF91 /* libboost_thread-xgcc40-mt-1_39.dylib */ = {isa = PBXFileReference; lastKnownFileType = "compiled.mach-o.dylib"; name = "libboost_thread-xgcc40-mt-1_39.dylib"; path = "/usr/local/lib/libboost_thread-xgcc40-mt-1_39.dylib"; sourceTree = "<absolute>"; };
		932BCDD10FCF38FB0073DF91 /* common.h */ = {isa = PBXFileReference; fileEncoding = 4; lastKnownFileType = sourcecode.c.h; path = common.h; sourceTree = "<group>"; };
		932BCDE20FCF3AB50073DF91 /* Kernel.h */ = {isa = PBXFileReference; fileEncoding = 4; lastKnownFileType = sourcecode.c.h; name = Kernel.h; path = System/Kernel.h; sourceTree = "<group>"; };
		932BCDE30FCF3AB50073DF91 /* Kernel.cpp */ = {isa = PBXFileReference; fileEncoding = 4; lastKnownFileType = sourcecode.cpp.cpp; name = Kernel.cpp; path = System/Kernel.cpp; sourceTree = "<group>"; };
		9332B3EC0FDCAF6D00091DD8 /* Script.h */ = {isa = PBXFileReference; fileEncoding = 4; lastKnownFileType = sourcecode.c.h; name = Script.h; path = VM/Script.h; sourceTree = "<group>"; };
		9332B3ED0FDCAF6D00091DD8 /* Script.cpp */ = {isa = PBXFileReference; fileEncoding = 4; lastKnownFileType = sourcecode.cpp.cpp; name = Script.cpp; path = VM/Script.cpp; sourceTree = "<group>"; };
		9332B3EF0FDCAFE500091DD8 /* VM.h */ = {isa = PBXFileReference; fileEncoding = 4; lastKnownFileType = sourcecode.c.h; name = VM.h; path = VM/VM.h; sourceTree = "<group>"; };
		9332B3F00FDCAFE500091DD8 /* VM.cpp */ = {isa = PBXFileReference; fileEncoding = 4; lastKnownFileType = sourcecode.cpp.cpp; name = VM.cpp; path = VM/VM.cpp; sourceTree = "<group>"; };
		934A793B0FD1F58400E8982E /* Texture.h */ = {isa = PBXFileReference; fileEncoding = 4; lastKnownFileType = sourcecode.c.h; name = Texture.h; path = World/Texture.h; sourceTree = "<group>"; };
		934A793C0FD1F58400E8982E /* Texture.cpp */ = {isa = PBXFileReference; fileEncoding = 4; lastKnownFileType = sourcecode.cpp.cpp; name = Texture.cpp; path = World/Texture.cpp; sourceTree = "<group>"; };
		934A79430FD1F6ED00E8982E /* Resources.h */ = {isa = PBXFileReference; fileEncoding = 4; lastKnownFileType = sourcecode.c.h; name = Resources.h; path = World/Resources.h; sourceTree = "<group>"; };
		93641A220FE3701B00D851E2 /* VMCall.h */ = {isa = PBXFileReference; fileEncoding = 4; lastKnownFileType = sourcecode.c.h; name = VMCall.h; path = VM/VMCall.h; sourceTree = "<group>"; };
		93654E580FE0B98900DB68A8 /* print.c */ = {isa = PBXFileReference; fileEncoding = 4; lastKnownFileType = sourcecode.c.c; name = print.c; path = lib/lua/src/print.c; sourceTree = "<group>"; };
		93654E590FE0B98900DB68A8 /* lzio.c */ = {isa = PBXFileReference; fileEncoding = 4; lastKnownFileType = sourcecode.c.c; name = lzio.c; path = lib/lua/src/lzio.c; sourceTree = "<group>"; };
		93654E5A0FE0B98900DB68A8 /* lvm.c */ = {isa = PBXFileReference; fileEncoding = 4; lastKnownFileType = sourcecode.c.c; name = lvm.c; path = lib/lua/src/lvm.c; sourceTree = "<group>"; };
		93654E5B0FE0B98900DB68A8 /* lundump.c */ = {isa = PBXFileReference; fileEncoding = 4; lastKnownFileType = sourcecode.c.c; name = lundump.c; path = lib/lua/src/lundump.c; sourceTree = "<group>"; };
		93654E5E0FE0B98900DB68A8 /* ltm.c */ = {isa = PBXFileReference; fileEncoding = 4; lastKnownFileType = sourcecode.c.c; name = ltm.c; path = lib/lua/src/ltm.c; sourceTree = "<group>"; };
		93654E5F0FE0B98900DB68A8 /* ltablib.c */ = {isa = PBXFileReference; fileEncoding = 4; lastKnownFileType = sourcecode.c.c; name = ltablib.c; path = lib/lua/src/ltablib.c; sourceTree = "<group>"; };
		93654E600FE0B98900DB68A8 /* ltable.c */ = {isa = PBXFileReference; fileEncoding = 4; lastKnownFileType = sourcecode.c.c; name = ltable.c; path = lib/lua/src/ltable.c; sourceTree = "<group>"; };
		93654E610FE0B98900DB68A8 /* lstrlib.c */ = {isa = PBXFileReference; fileEncoding = 4; lastKnownFileType = sourcecode.c.c; name = lstrlib.c; path = lib/lua/src/lstrlib.c; sourceTree = "<group>"; };
		93654E620FE0B98900DB68A8 /* lstring.c */ = {isa = PBXFileReference; fileEncoding = 4; lastKnownFileType = sourcecode.c.c; name = lstring.c; path = lib/lua/src/lstring.c; sourceTree = "<group>"; };
		93654E630FE0B98900DB68A8 /* lstate.c */ = {isa = PBXFileReference; fileEncoding = 4; lastKnownFileType = sourcecode.c.c; name = lstate.c; path = lib/lua/src/lstate.c; sourceTree = "<group>"; };
		93654E640FE0B98900DB68A8 /* lparser.c */ = {isa = PBXFileReference; fileEncoding = 4; lastKnownFileType = sourcecode.c.c; name = lparser.c; path = lib/lua/src/lparser.c; sourceTree = "<group>"; };
		93654E650FE0B98900DB68A8 /* liolib.c */ = {isa = PBXFileReference; fileEncoding = 4; lastKnownFileType = sourcecode.c.c; name = liolib.c; path = lib/lua/src/liolib.c; sourceTree = "<group>"; };
		93654E660FE0B98900DB68A8 /* linit.c */ = {isa = PBXFileReference; fileEncoding = 4; lastKnownFileType = sourcecode.c.c; name = linit.c; path = lib/lua/src/linit.c; sourceTree = "<group>"; };
		93654E670FE0B98900DB68A8 /* lgc.c */ = {isa = PBXFileReference; fileEncoding = 4; lastKnownFileType = sourcecode.c.c; name = lgc.c; path = lib/lua/src/lgc.c; sourceTree = "<group>"; };
		93654E680FE0B98900DB68A8 /* lfunc.c */ = {isa = PBXFileReference; fileEncoding = 4; lastKnownFileType = sourcecode.c.c; name = lfunc.c; path = lib/lua/src/lfunc.c; sourceTree = "<group>"; };
		93654E690FE0B98900DB68A8 /* ldebug.c */ = {isa = PBXFileReference; fileEncoding = 4; lastKnownFileType = sourcecode.c.c; name = ldebug.c; path = lib/lua/src/ldebug.c; sourceTree = "<group>"; };
		93654E6A0FE0B98900DB68A8 /* ldo.c */ = {isa = PBXFileReference; fileEncoding = 4; lastKnownFileType = sourcecode.c.c; name = ldo.c; path = lib/lua/src/ldo.c; sourceTree = "<group>"; };
		93654E6B0FE0B98900DB68A8 /* lobject.c */ = {isa = PBXFileReference; fileEncoding = 4; lastKnownFileType = sourcecode.c.c; name = lobject.c; path = lib/lua/src/lobject.c; sourceTree = "<group>"; };
		93654E6C0FE0B98900DB68A8 /* loadlib.c */ = {isa = PBXFileReference; fileEncoding = 4; lastKnownFileType = sourcecode.c.c; name = loadlib.c; path = lib/lua/src/loadlib.c; sourceTree = "<group>"; };
		93654E6D0FE0B98900DB68A8 /* lmem.c */ = {isa = PBXFileReference; fileEncoding = 4; lastKnownFileType = sourcecode.c.c; name = lmem.c; path = lib/lua/src/lmem.c; sourceTree = "<group>"; };
		93654E6E0FE0B98900DB68A8 /* lmathlib.c */ = {isa = PBXFileReference; fileEncoding = 4; lastKnownFileType = sourcecode.c.c; name = lmathlib.c; path = lib/lua/src/lmathlib.c; sourceTree = "<group>"; };
		93654E6F0FE0B98900DB68A8 /* llex.c */ = {isa = PBXFileReference; fileEncoding = 4; lastKnownFileType = sourcecode.c.c; name = llex.c; path = lib/lua/src/llex.c; sourceTree = "<group>"; };
		93654E700FE0B98900DB68A8 /* ldump.c */ = {isa = PBXFileReference; fileEncoding = 4; lastKnownFileType = sourcecode.c.c; name = ldump.c; path = lib/lua/src/ldump.c; sourceTree = "<group>"; };
		93654E710FE0B98900DB68A8 /* loslib.c */ = {isa = PBXFileReference; fileEncoding = 4; lastKnownFileType = sourcecode.c.c; name = loslib.c; path = lib/lua/src/loslib.c; sourceTree = "<group>"; };
		93654E720FE0B98900DB68A8 /* lopcodes.c */ = {isa = PBXFileReference; fileEncoding = 4; lastKnownFileType = sourcecode.c.c; name = lopcodes.c; path = lib/lua/src/lopcodes.c; sourceTree = "<group>"; };
		93654E730FE0B98900DB68A8 /* lapi.c */ = {isa = PBXFileReference; fileEncoding = 4; lastKnownFileType = sourcecode.c.c; name = lapi.c; path = lib/lua/src/lapi.c; sourceTree = "<group>"; };
		93654E740FE0B98900DB68A8 /* lbaselib.c */ = {isa = PBXFileReference; fileEncoding = 4; lastKnownFileType = sourcecode.c.c; name = lbaselib.c; path = lib/lua/src/lbaselib.c; sourceTree = "<group>"; };
		93654E750FE0B98900DB68A8 /* lauxlib.c */ = {isa = PBXFileReference; fileEncoding = 4; lastKnownFileType = sourcecode.c.c; name = lauxlib.c; path = lib/lua/src/lauxlib.c; sourceTree = "<group>"; };
		93654E760FE0B98900DB68A8 /* ldblib.c */ = {isa = PBXFileReference; fileEncoding = 4; lastKnownFileType = sourcecode.c.c; name = ldblib.c; path = lib/lua/src/ldblib.c; sourceTree = "<group>"; };
		93654E770FE0B98900DB68A8 /* lcode.c */ = {isa = PBXFileReference; fileEncoding = 4; lastKnownFileType = sourcecode.c.c; name = lcode.c; path = lib/lua/src/lcode.c; sourceTree = "<group>"; };
		93765C2A0FD49FD100CE09B0 /* ParticleSystem.h */ = {isa = PBXFileReference; fileEncoding = 4; lastKnownFileType = sourcecode.c.h; name = ParticleSystem.h; path = World/ParticleSystem.h; sourceTree = "<group>"; };
		93765C2B0FD49FD100CE09B0 /* ParticleSystem.cpp */ = {isa = PBXFileReference; fileEncoding = 4; lastKnownFileType = sourcecode.cpp.cpp; name = ParticleSystem.cpp; path = World/ParticleSystem.cpp; sourceTree = "<group>"; };
		938B068C0FD09A4D007C5F3D /* Render.h */ = {isa = PBXFileReference; fileEncoding = 4; lastKnownFileType = sourcecode.c.h; name = Render.h; path = Render/Render.h; sourceTree = "<group>"; };
		938B068D0FD09A4D007C5F3D /* Render.cpp */ = {isa = PBXFileReference; fileEncoding = 4; lastKnownFileType = sourcecode.cpp.cpp; name = Render.cpp; path = Render/Render.cpp; sourceTree = "<group>"; };
		938B06900FD09A7C007C5F3D /* Window.h */ = {isa = PBXFileReference; fileEncoding = 4; lastKnownFileType = sourcecode.c.h; name = Window.h; path = System/Window.h; sourceTree = "<group>"; };
		938B06910FD09A7C007C5F3D /* Window.cpp */ = {isa = PBXFileReference; fileEncoding = 4; lastKnownFileType = sourcecode.cpp.cpp; name = Window.cpp; path = System/Window.cpp; sourceTree = "<group>"; };
		938B06930FD09B1E007C5F3D /* GLUT.framework */ = {isa = PBXFileReference; lastKnownFileType = wrapper.framework; name = GLUT.framework; path = /System/Library/Frameworks/GLUT.framework; sourceTree = "<absolute>"; };
		938B06970FD09B4F007C5F3D /* OpenGL.framework */ = {isa = PBXFileReference; lastKnownFileType = wrapper.framework; name = OpenGL.framework; path = /System/Library/Frameworks/OpenGL.framework; sourceTree = "<absolute>"; };
		938B07450FD0A971007C5F3D /* Cocoa.framework */ = {isa = PBXFileReference; lastKnownFileType = wrapper.framework; name = Cocoa.framework; path = /System/Library/Frameworks/Cocoa.framework; sourceTree = "<absolute>"; };
		938B074B0FD0A983007C5F3D /* SDLMain.m */ = {isa = PBXFileReference; fileEncoding = 4; lastKnownFileType = sourcecode.c.objc; path = SDLMain.m; sourceTree = "<group>"; };
		938B074C0FD0A983007C5F3D /* SDLMain.h */ = {isa = PBXFileReference; fileEncoding = 4; lastKnownFileType = sourcecode.c.h; path = SDLMain.h; sourceTree = "<group>"; };
		938F9F020FEB26EE000E4F91 /* ResourceManager.h */ = {isa = PBXFileReference; fileEncoding = 4; lastKnownFileType = sourcecode.c.h; name = ResourceManager.h; path = World/ResourceManager.h; sourceTree = "<group>"; };
		938F9F030FEB26EE000E4F91 /* ResourceManager.cpp */ = {isa = PBXFileReference; fileEncoding = 4; lastKnownFileType = sourcecode.cpp.cpp; name = ResourceManager.cpp; path = World/ResourceManager.cpp; sourceTree = "<group>"; };
		9393759C0FD6008A007C8E60 /* WorldUpdater.h */ = {isa = PBXFileReference; fileEncoding = 4; lastKnownFileType = sourcecode.c.h; name = WorldUpdater.h; path = World/WorldUpdater.h; sourceTree = "<group>"; };
		9393759D0FD6008A007C8E60 /* WorldUpdater.cpp */ = {isa = PBXFileReference; fileEncoding = 4; lastKnownFileType = sourcecode.cpp.cpp; name = WorldUpdater.cpp; path = World/WorldUpdater.cpp; sourceTree = "<group>"; };
		93A1F0770FD2DB6100F7F1CC /* libphysfs.2.0.0.dylib */ = {isa = PBXFileReference; lastKnownFileType = "compiled.mach-o.dylib"; name = libphysfs.2.0.0.dylib; path = lib/PhysicsFS/libphysfs.2.0.0.dylib; sourceTree = "<group>"; };
		93A1F0980FD2DCE600F7F1CC /* SDL.framework */ = {isa = PBXFileReference; lastKnownFileType = wrapper.framework; name = SDL.framework; path = /Library/Frameworks/SDL.framework; sourceTree = "<absolute>"; };
		93A1F0C50FD2DCF500F7F1CC /* IMG_lbm.c */ = {isa = PBXFileReference; fileEncoding = 4; lastKnownFileType = sourcecode.c.c; name = IMG_lbm.c; path = lib/SDL_image/IMG_lbm.c; sourceTree = "<group>"; };
		93A1F0C60FD2DCF500F7F1CC /* IMG_xv.c */ = {isa = PBXFileReference; fileEncoding = 4; lastKnownFileType = sourcecode.c.c; name = IMG_xv.c; path = lib/SDL_image/IMG_xv.c; sourceTree = "<group>"; };
		93A1F0C70FD2DCF500F7F1CC /* IMG_bmp.c */ = {isa = PBXFileReference; fileEncoding = 4; lastKnownFileType = sourcecode.c.c; name = IMG_bmp.c; path = lib/SDL_image/IMG_bmp.c; sourceTree = "<group>"; };
		93A1F0C80FD2DCF500F7F1CC /* IMG_xcf.c */ = {isa = PBXFileReference; fileEncoding = 4; lastKnownFileType = sourcecode.c.c; name = IMG_xcf.c; path = lib/SDL_image/IMG_xcf.c; sourceTree = "<group>"; };
		93A1F0C90FD2DCF600F7F1CC /* IMG_gif.c */ = {isa = PBXFileReference; fileEncoding = 4; lastKnownFileType = sourcecode.c.c; name = IMG_gif.c; path = lib/SDL_image/IMG_gif.c; sourceTree = "<group>"; };
		93A1F0CA0FD2DCF600F7F1CC /* IMG_tga.c */ = {isa = PBXFileReference; fileEncoding = 4; lastKnownFileType = sourcecode.c.c; name = IMG_tga.c; path = lib/SDL_image/IMG_tga.c; sourceTree = "<group>"; };
		93A1F0CB0FD2DCF600F7F1CC /* IMG_png.c */ = {isa = PBXFileReference; fileEncoding = 4; lastKnownFileType = sourcecode.c.c; name = IMG_png.c; path = lib/SDL_image/IMG_png.c; sourceTree = "<group>"; };
		93A1F0CC0FD2DCF600F7F1CC /* IMG_jpg.c */ = {isa = PBXFileReference; fileEncoding = 4; lastKnownFileType = sourcecode.c.c; name = IMG_jpg.c; path = lib/SDL_image/IMG_jpg.c; sourceTree = "<group>"; };
		93A1F0CD0FD2DCF600F7F1CC /* IMG_pnm.c */ = {isa = PBXFileReference; fileEncoding = 4; lastKnownFileType = sourcecode.c.c; name = IMG_pnm.c; path = lib/SDL_image/IMG_pnm.c; sourceTree = "<group>"; };
		93A1F0CE0FD2DCF600F7F1CC /* IMG_xpm.c */ = {isa = PBXFileReference; fileEncoding = 4; lastKnownFileType = sourcecode.c.c; name = IMG_xpm.c; path = lib/SDL_image/IMG_xpm.c; sourceTree = "<group>"; };
		93A1F0CF0FD2DCF600F7F1CC /* IMG.c */ = {isa = PBXFileReference; fileEncoding = 4; lastKnownFileType = sourcecode.c.c; name = IMG.c; path = lib/SDL_image/IMG.c; sourceTree = "<group>"; };
		93A1F0D00FD2DCF600F7F1CC /* IMG_pcx.c */ = {isa = PBXFileReference; fileEncoding = 4; lastKnownFileType = sourcecode.c.c; name = IMG_pcx.c; path = lib/SDL_image/IMG_pcx.c; sourceTree = "<group>"; };
		93A1F0D10FD2DCF600F7F1CC /* IMG_tif.c */ = {isa = PBXFileReference; fileEncoding = 4; lastKnownFileType = sourcecode.c.c; name = IMG_tif.c; path = lib/SDL_image/IMG_tif.c; sourceTree = "<group>"; };
		93A1F0DF0FD2DCFB00F7F1CC /* SDL_image.h */ = {isa = PBXFileReference; fileEncoding = 4; lastKnownFileType = sourcecode.c.h; name = SDL_image.h; path = lib/SDL_image/SDL_image.h; sourceTree = "<group>"; };
		93A1F1300FD2EADC00F7F1CC /* World.h */ = {isa = PBXFileReference; fileEncoding = 4; lastKnownFileType = sourcecode.c.h; name = World.h; path = World/World.h; sourceTree = "<group>"; };
		93A1F1310FD2EADC00F7F1CC /* World.cpp */ = {isa = PBXFileReference; fileEncoding = 4; lastKnownFileType = sourcecode.cpp.cpp; name = World.cpp; path = World/World.cpp; sourceTree = "<group>"; };
		93A1F1460FD2ECBE00F7F1CC /* Mesh.h */ = {isa = PBXFileReference; fileEncoding = 4; lastKnownFileType = sourcecode.c.h; name = Mesh.h; path = World/Mesh.h; sourceTree = "<group>"; };
		93A1F1470FD2ECBE00F7F1CC /* Mesh.cpp */ = {isa = PBXFileReference; fileEncoding = 4; lastKnownFileType = sourcecode.cpp.cpp; name = Mesh.cpp; path = World/Mesh.cpp; sourceTree = "<group>"; };
		93A1F1520FD2ED8500F7F1CC /* Vertex.cpp */ = {isa = PBXFileReference; fileEncoding = 4; lastKnownFileType = sourcecode.cpp.cpp; name = Vertex.cpp; path = Math/Vertex.cpp; sourceTree = "<group>"; };
		93A1F1540FD2EDBF00F7F1CC /* Vertex.h */ = {isa = PBXFileReference; fileEncoding = 4; lastKnownFileType = sourcecode.c.h; name = Vertex.h; path = Math/Vertex.h; sourceTree = "<group>"; };
		93AAE2670FCD941C00EA409C /* Task.h */ = {isa = PBXFileReference; fileEncoding = 4; lastKnownFileType = sourcecode.c.h; name = Task.h; path = System/Task.h; sourceTree = "<group>"; };
		93AAE2680FCD941C00EA409C /* Task.cpp */ = {isa = PBXFileReference; fileEncoding = 4; lastKnownFileType = sourcecode.cpp.cpp; name = Task.cpp; path = System/Task.cpp; sourceTree = "<group>"; };
		93B1127A0FDE08DB0074580B /* find_best_match.cpp */ = {isa = PBXFileReference; fileEncoding = 4; lastKnownFileType = sourcecode.cpp.cpp; name = find_best_match.cpp; path = lib/luabind/src/find_best_match.cpp; sourceTree = "<group>"; };
		93B1127B0FDE08DB0074580B /* error.cpp */ = {isa = PBXFileReference; fileEncoding = 4; lastKnownFileType = sourcecode.cpp.cpp; name = error.cpp; path = lib/luabind/src/error.cpp; sourceTree = "<group>"; };
		93B1127C0FDE08DB0074580B /* create_class.cpp */ = {isa = PBXFileReference; fileEncoding = 4; lastKnownFileType = sourcecode.cpp.cpp; name = create_class.cpp; path = lib/luabind/src/create_class.cpp; sourceTree = "<group>"; };
		93B1127D0FDE08DB0074580B /* class.cpp */ = {isa = PBXFileReference; fileEncoding = 4; lastKnownFileType = sourcecode.cpp.cpp; name = class.cpp; path = lib/luabind/src/class.cpp; sourceTree = "<group>"; };
		93B1127E0FDE08DB0074580B /* wrapper_base.cpp */ = {isa = PBXFileReference; fileEncoding = 4; lastKnownFileType = sourcecode.cpp.cpp; name = wrapper_base.cpp; path = lib/luabind/src/wrapper_base.cpp; sourceTree = "<group>"; };
		93B1127F0FDE08DB0074580B /* stack_content_by_name.cpp */ = {isa = PBXFileReference; fileEncoding = 4; lastKnownFileType = sourcecode.cpp.cpp; name = stack_content_by_name.cpp; path = lib/luabind/src/stack_content_by_name.cpp; sourceTree = "<group>"; };
		93B112800FDE08DB0074580B /* function.cpp */ = {isa = PBXFileReference; fileEncoding = 4; lastKnownFileType = sourcecode.cpp.cpp; name = function.cpp; path = lib/luabind/src/function.cpp; sourceTree = "<group>"; };
		93B112810FDE08DB0074580B /* ref.cpp */ = {isa = PBXFileReference; fileEncoding = 4; lastKnownFileType = sourcecode.cpp.cpp; name = ref.cpp; path = lib/luabind/src/ref.cpp; sourceTree = "<group>"; };
		93B112820FDE08DB0074580B /* implicit_cast.cpp */ = {isa = PBXFileReference; fileEncoding = 4; lastKnownFileType = sourcecode.cpp.cpp; name = implicit_cast.cpp; path = lib/luabind/src/implicit_cast.cpp; sourceTree = "<group>"; };
		93B112830FDE08DB0074580B /* open.cpp */ = {isa = PBXFileReference; fileEncoding = 4; lastKnownFileType = sourcecode.cpp.cpp; name = open.cpp; path = lib/luabind/src/open.cpp; sourceTree = "<group>"; };
		93B112840FDE08DB0074580B /* exception_handler.cpp */ = {isa = PBXFileReference; fileEncoding = 4; lastKnownFileType = sourcecode.cpp.cpp; name = exception_handler.cpp; path = lib/luabind/src/exception_handler.cpp; sourceTree = "<group>"; };
		93B112850FDE08DB0074580B /* class_registry.cpp */ = {isa = PBXFileReference; fileEncoding = 4; lastKnownFileType = sourcecode.cpp.cpp; name = class_registry.cpp; path = lib/luabind/src/class_registry.cpp; sourceTree = "<group>"; };
		93B112860FDE08DB0074580B /* object_rep.cpp */ = {isa = PBXFileReference; fileEncoding = 4; lastKnownFileType = sourcecode.cpp.cpp; name = object_rep.cpp; path = lib/luabind/src/object_rep.cpp; sourceTree = "<group>"; };
		93B112870FDE08DB0074580B /* scope.cpp */ = {isa = PBXFileReference; fileEncoding = 4; lastKnownFileType = sourcecode.cpp.cpp; name = scope.cpp; path = lib/luabind/src/scope.cpp; sourceTree = "<group>"; };
		93B112880FDE08DB0074580B /* link_compatibility.cpp */ = {isa = PBXFileReference; fileEncoding = 4; lastKnownFileType = sourcecode.cpp.cpp; name = link_compatibility.cpp; path = lib/luabind/src/link_compatibility.cpp; sourceTree = "<group>"; };
		93B112890FDE08DB0074580B /* pcall.cpp */ = {isa = PBXFileReference; fileEncoding = 4; lastKnownFileType = sourcecode.cpp.cpp; name = pcall.cpp; path = lib/luabind/src/pcall.cpp; sourceTree = "<group>"; };
		93B1128A0FDE08DB0074580B /* class_rep.cpp */ = {isa = PBXFileReference; fileEncoding = 4; lastKnownFileType = sourcecode.cpp.cpp; name = class_rep.cpp; path = lib/luabind/src/class_rep.cpp; sourceTree = "<group>"; };
		93B1128B0FDE08DB0074580B /* weak_ref.cpp */ = {isa = PBXFileReference; fileEncoding = 4; lastKnownFileType = sourcecode.cpp.cpp; name = weak_ref.cpp; path = lib/luabind/src/weak_ref.cpp; sourceTree = "<group>"; };
		93B1128C0FDE08DB0074580B /* overload_rep.cpp */ = {isa = PBXFileReference; fileEncoding = 4; lastKnownFileType = sourcecode.cpp.cpp; name = overload_rep.cpp; path = lib/luabind/src/overload_rep.cpp; sourceTree = "<group>"; };
		93B1128D0FDE08DB0074580B /* class_info.cpp */ = {isa = PBXFileReference; fileEncoding = 4; lastKnownFileType = sourcecode.cpp.cpp; name = class_info.cpp; path = lib/luabind/src/class_info.cpp; sourceTree = "<group>"; };
		93B112A30FDE08ED0074580B /* discard_result_policy.hpp */ = {isa = PBXFileReference; fileEncoding = 4; lastKnownFileType = sourcecode.cpp.h; name = discard_result_policy.hpp; path = lib/luabind/luabind/discard_result_policy.hpp; sourceTree = "<group>"; };
		93B112A40FDE08ED0074580B /* wrapper_base.hpp */ = {isa = PBXFileReference; fileEncoding = 4; lastKnownFileType = sourcecode.cpp.h; name = wrapper_base.hpp; path = lib/luabind/luabind/wrapper_base.hpp; sourceTree = "<group>"; };
		93B112A50FDE08ED0074580B /* open.hpp */ = {isa = PBXFileReference; fileEncoding = 4; lastKnownFileType = sourcecode.cpp.h; name = open.hpp; path = lib/luabind/luabind/open.hpp; sourceTree = "<group>"; };
		93B112A60FDE08ED0074580B /* scope.hpp */ = {isa = PBXFileReference; fileEncoding = 4; lastKnownFileType = sourcecode.cpp.h; name = scope.hpp; path = lib/luabind/luabind/scope.hpp; sourceTree = "<group>"; };
		93B112A70FDE08ED0074580B /* object.hpp */ = {isa = PBXFileReference; fileEncoding = 4; lastKnownFileType = sourcecode.cpp.h; name = object.hpp; path = lib/luabind/luabind/object.hpp; sourceTree = "<group>"; };
		93B112A80FDE08ED0074580B /* luabind.hpp */ = {isa = PBXFileReference; fileEncoding = 4; lastKnownFileType = sourcecode.cpp.h; name = luabind.hpp; path = lib/luabind/luabind/luabind.hpp; sourceTree = "<group>"; };
		93B112A90FDE08ED0074580B /* dependency_policy.hpp */ = {isa = PBXFileReference; fileEncoding = 4; lastKnownFileType = sourcecode.cpp.h; name = dependency_policy.hpp; path = lib/luabind/luabind/dependency_policy.hpp; sourceTree = "<group>"; };
		93B112AA0FDE08ED0074580B /* make_function.hpp */ = {isa = PBXFileReference; fileEncoding = 4; lastKnownFileType = sourcecode.cpp.h; name = make_function.hpp; path = lib/luabind/luabind/make_function.hpp; sourceTree = "<group>"; };
		93B112AB0FDE08ED0074580B /* copy_policy.hpp */ = {isa = PBXFileReference; fileEncoding = 4; lastKnownFileType = sourcecode.cpp.h; name = copy_policy.hpp; path = lib/luabind/luabind/copy_policy.hpp; sourceTree = "<group>"; };
		93B112AC0FDE08ED0074580B /* lua_include.hpp */ = {isa = PBXFileReference; fileEncoding = 4; lastKnownFileType = sourcecode.cpp.h; name = lua_include.hpp; path = lib/luabind/luabind/lua_include.hpp; sourceTree = "<group>"; };
		93B112AD0FDE08ED0074580B /* return_reference_to_policy.hpp */ = {isa = PBXFileReference; fileEncoding = 4; lastKnownFileType = sourcecode.cpp.h; name = return_reference_to_policy.hpp; path = lib/luabind/luabind/return_reference_to_policy.hpp; sourceTree = "<group>"; };
		93B112AE0FDE08ED0074580B /* weak_ref.hpp */ = {isa = PBXFileReference; fileEncoding = 4; lastKnownFileType = sourcecode.cpp.h; name = weak_ref.hpp; path = lib/luabind/luabind/weak_ref.hpp; sourceTree = "<group>"; };
		93B112AF0FDE08ED0074580B /* raw_policy.hpp */ = {isa = PBXFileReference; fileEncoding = 4; lastKnownFileType = sourcecode.cpp.h; name = raw_policy.hpp; path = lib/luabind/luabind/raw_policy.hpp; sourceTree = "<group>"; };
		93B112B00FDE08ED0074580B /* operator.hpp */ = {isa = PBXFileReference; fileEncoding = 4; lastKnownFileType = sourcecode.cpp.h; name = operator.hpp; path = lib/luabind/luabind/operator.hpp; sourceTree = "<group>"; };
		93B112B10FDE08ED0074580B /* get_pointer.hpp */ = {isa = PBXFileReference; fileEncoding = 4; lastKnownFileType = sourcecode.cpp.h; name = get_pointer.hpp; path = lib/luabind/luabind/get_pointer.hpp; sourceTree = "<group>"; };
		93B112B20FDE08ED0074580B /* value_wrapper.hpp */ = {isa = PBXFileReference; fileEncoding = 4; lastKnownFileType = sourcecode.cpp.h; name = value_wrapper.hpp; path = lib/luabind/luabind/value_wrapper.hpp; sourceTree = "<group>"; };
		93B112B30FDE08ED0074580B /* class.hpp */ = {isa = PBXFileReference; fileEncoding = 4; lastKnownFileType = sourcecode.cpp.h; name = class.hpp; path = lib/luabind/luabind/class.hpp; sourceTree = "<group>"; };
		93B112B40FDE08ED0074580B /* from_stack.hpp */ = {isa = PBXFileReference; fileEncoding = 4; lastKnownFileType = sourcecode.cpp.h; name = from_stack.hpp; path = lib/luabind/luabind/from_stack.hpp; sourceTree = "<group>"; };
		93B112B50FDE08ED0074580B /* out_value_policy.hpp */ = {isa = PBXFileReference; fileEncoding = 4; lastKnownFileType = sourcecode.cpp.h; name = out_value_policy.hpp; path = lib/luabind/luabind/out_value_policy.hpp; sourceTree = "<group>"; };
		93B112B60FDE08ED0074580B /* yield_policy.hpp */ = {isa = PBXFileReference; fileEncoding = 4; lastKnownFileType = sourcecode.cpp.h; name = yield_policy.hpp; path = lib/luabind/luabind/yield_policy.hpp; sourceTree = "<group>"; };
		93B112B70FDE08ED0074580B /* back_reference.hpp */ = {isa = PBXFileReference; fileEncoding = 4; lastKnownFileType = sourcecode.cpp.h; name = back_reference.hpp; path = lib/luabind/luabind/back_reference.hpp; sourceTree = "<group>"; };
		93B112B80FDE08ED0074580B /* error.hpp */ = {isa = PBXFileReference; fileEncoding = 4; lastKnownFileType = sourcecode.cpp.h; name = error.hpp; path = lib/luabind/luabind/error.hpp; sourceTree = "<group>"; };
		93B112B90FDE08ED0074580B /* handle.hpp */ = {isa = PBXFileReference; fileEncoding = 4; lastKnownFileType = sourcecode.cpp.h; name = handle.hpp; path = lib/luabind/luabind/handle.hpp; sourceTree = "<group>"; };
		93B112BA0FDE08ED0074580B /* iterator_policy.hpp */ = {isa = PBXFileReference; fileEncoding = 4; lastKnownFileType = sourcecode.cpp.h; name = iterator_policy.hpp; path = lib/luabind/luabind/iterator_policy.hpp; sourceTree = "<group>"; };
		93B112BB0FDE08ED0074580B /* nil.hpp */ = {isa = PBXFileReference; fileEncoding = 4; lastKnownFileType = sourcecode.cpp.h; name = nil.hpp; path = lib/luabind/luabind/nil.hpp; sourceTree = "<group>"; };
		93B112BC0FDE08ED0074580B /* adopt_policy.hpp */ = {isa = PBXFileReference; fileEncoding = 4; lastKnownFileType = sourcecode.cpp.h; name = adopt_policy.hpp; path = lib/luabind/luabind/adopt_policy.hpp; sourceTree = "<group>"; };
		93B112BD0FDE08ED0074580B /* function.hpp */ = {isa = PBXFileReference; fileEncoding = 4; lastKnownFileType = sourcecode.cpp.h; name = function.hpp; path = lib/luabind/luabind/function.hpp; sourceTree = "<group>"; };
		93B112BE0FDE08ED0074580B /* exception_handler.hpp */ = {isa = PBXFileReference; fileEncoding = 4; lastKnownFileType = sourcecode.cpp.h; name = exception_handler.hpp; path = lib/luabind/luabind/exception_handler.hpp; sourceTree = "<group>"; };
		93B112BF0FDE08ED0074580B /* config.hpp */ = {isa = PBXFileReference; fileEncoding = 4; lastKnownFileType = sourcecode.cpp.h; name = config.hpp; path = lib/luabind/luabind/config.hpp; sourceTree = "<group>"; };
		93B112C00FDE08ED0074580B /* prefix.hpp */ = {isa = PBXFileReference; fileEncoding = 4; lastKnownFileType = sourcecode.cpp.h; name = prefix.hpp; path = lib/luabind/luabind/prefix.hpp; sourceTree = "<group>"; };
		93B112C10FDE08ED0074580B /* version.hpp */ = {isa = PBXFileReference; fileEncoding = 4; lastKnownFileType = sourcecode.cpp.h; name = version.hpp; path = lib/luabind/luabind/version.hpp; sourceTree = "<group>"; };
		93B112C20FDE08ED0074580B /* container_policy.hpp */ = {isa = PBXFileReference; fileEncoding = 4; lastKnownFileType = sourcecode.cpp.h; name = container_policy.hpp; path = lib/luabind/luabind/container_policy.hpp; sourceTree = "<group>"; };
		93B112C30FDE08ED0074580B /* class_info.hpp */ = {isa = PBXFileReference; fileEncoding = 4; lastKnownFileType = sourcecode.cpp.h; name = class_info.hpp; path = lib/luabind/luabind/class_info.hpp; sourceTree = "<group>"; };
		93B112C40FDE08ED0074580B /* tag_function.hpp */ = {isa = PBXFileReference; fileEncoding = 4; lastKnownFileType = sourcecode.cpp.h; name = tag_function.hpp; path = lib/luabind/luabind/tag_function.hpp; sourceTree = "<group>"; };
		93B112C50FDE08ED0074580B /* back_reference_fwd.hpp */ = {isa = PBXFileReference; fileEncoding = 4; lastKnownFileType = sourcecode.cpp.h; name = back_reference_fwd.hpp; path = lib/luabind/luabind/back_reference_fwd.hpp; sourceTree = "<group>"; };
		93B112C60FDE08FB0074580B /* constructor.hpp */ = {isa = PBXFileReference; fileEncoding = 4; lastKnownFileType = sourcecode.cpp.h; name = constructor.hpp; path = lib/luabind/luabind/detail/constructor.hpp; sourceTree = "<group>"; };
		93B112C70FDE08FB0074580B /* get_signature.hpp */ = {isa = PBXFileReference; fileEncoding = 4; lastKnownFileType = sourcecode.cpp.h; name = get_signature.hpp; path = lib/luabind/luabind/detail/get_signature.hpp; sourceTree = "<group>"; };
		93B112C80FDE08FB0074580B /* class_registry.hpp */ = {isa = PBXFileReference; fileEncoding = 4; lastKnownFileType = sourcecode.cpp.h; name = class_registry.hpp; path = lib/luabind/luabind/detail/class_registry.hpp; sourceTree = "<group>"; };
		93B112C90FDE08FB0074580B /* call_operator_iterate.hpp */ = {isa = PBXFileReference; fileEncoding = 4; lastKnownFileType = sourcecode.cpp.h; name = call_operator_iterate.hpp; path = lib/luabind/luabind/detail/call_operator_iterate.hpp; sourceTree = "<group>"; };
		93B112CA0FDE08FB0074580B /* find_best_match.hpp */ = {isa = PBXFileReference; fileEncoding = 4; lastKnownFileType = sourcecode.cpp.h; name = find_best_match.hpp; path = lib/luabind/luabind/detail/find_best_match.hpp; sourceTree = "<group>"; };
		93B112CB0FDE08FB0074580B /* get_overload_signature.hpp */ = {isa = PBXFileReference; fileEncoding = 4; lastKnownFileType = sourcecode.cpp.h; name = get_overload_signature.hpp; path = lib/luabind/luabind/detail/get_overload_signature.hpp; sourceTree = "<group>"; };
		93B112CC0FDE08FB0074580B /* object_funs.hpp */ = {isa = PBXFileReference; fileEncoding = 4; lastKnownFileType = sourcecode.cpp.h; name = object_funs.hpp; path = lib/luabind/luabind/detail/object_funs.hpp; sourceTree = "<group>"; };
		93B112CD0FDE08FB0074580B /* call_function.hpp */ = {isa = PBXFileReference; fileEncoding = 4; lastKnownFileType = sourcecode.cpp.h; name = call_function.hpp; path = lib/luabind/luabind/detail/call_function.hpp; sourceTree = "<group>"; };
		93B112CE0FDE08FB0074580B /* call.hpp */ = {isa = PBXFileReference; fileEncoding = 4; lastKnownFileType = sourcecode.cpp.h; name = call.hpp; path = lib/luabind/luabind/detail/call.hpp; sourceTree = "<group>"; };
		93B112CF0FDE08FB0074580B /* open.hpp */ = {isa = PBXFileReference; fileEncoding = 4; lastKnownFileType = sourcecode.cpp.h; name = open.hpp; path = lib/luabind/luabind/detail/open.hpp; sourceTree = "<group>"; };
		93B112D00FDE08FB0074580B /* typetraits.hpp */ = {isa = PBXFileReference; fileEncoding = 4; lastKnownFileType = sourcecode.cpp.h; name = typetraits.hpp; path = lib/luabind/luabind/detail/typetraits.hpp; sourceTree = "<group>"; };
		93B112D10FDE08FB0074580B /* pointee_typeid.hpp */ = {isa = PBXFileReference; fileEncoding = 4; lastKnownFileType = sourcecode.cpp.h; name = pointee_typeid.hpp; path = lib/luabind/luabind/detail/pointee_typeid.hpp; sourceTree = "<group>"; };
		93B112D20FDE08FB0074580B /* link_compatibility.hpp */ = {isa = PBXFileReference; fileEncoding = 4; lastKnownFileType = sourcecode.cpp.h; name = link_compatibility.hpp; path = lib/luabind/luabind/detail/link_compatibility.hpp; sourceTree = "<group>"; };
		93B112D30FDE08FB0074580B /* implicit_cast.hpp */ = {isa = PBXFileReference; fileEncoding = 4; lastKnownFileType = sourcecode.cpp.h; name = implicit_cast.hpp; path = lib/luabind/luabind/detail/implicit_cast.hpp; sourceTree = "<group>"; };
		93B112D40FDE08FB0074580B /* enum_maker.hpp */ = {isa = PBXFileReference; fileEncoding = 4; lastKnownFileType = sourcecode.cpp.h; name = enum_maker.hpp; path = lib/luabind/luabind/detail/enum_maker.hpp; sourceTree = "<group>"; };
		93B112D50FDE08FB0074580B /* call_member.hpp */ = {isa = PBXFileReference; fileEncoding = 4; lastKnownFileType = sourcecode.cpp.h; name = call_member.hpp; path = lib/luabind/luabind/detail/call_member.hpp; sourceTree = "<group>"; };
		93B112D60FDE08FB0074580B /* conversion_storage.hpp */ = {isa = PBXFileReference; fileEncoding = 4; lastKnownFileType = sourcecode.cpp.h; name = conversion_storage.hpp; path = lib/luabind/luabind/detail/conversion_storage.hpp; sourceTree = "<group>"; };
		93B112D70FDE08FB0074580B /* calc_arity.hpp */ = {isa = PBXFileReference; fileEncoding = 4; lastKnownFileType = sourcecode.cpp.h; name = calc_arity.hpp; path = lib/luabind/luabind/detail/calc_arity.hpp; sourceTree = "<group>"; };
		93B112D80FDE08FB0074580B /* yes_no.hpp */ = {isa = PBXFileReference; fileEncoding = 4; lastKnownFileType = sourcecode.cpp.h; name = yes_no.hpp; path = lib/luabind/luabind/detail/yes_no.hpp; sourceTree = "<group>"; };
		93B112D90FDE08FB0074580B /* convert_to_lua.hpp */ = {isa = PBXFileReference; fileEncoding = 4; lastKnownFileType = sourcecode.cpp.h; name = convert_to_lua.hpp; path = lib/luabind/luabind/detail/convert_to_lua.hpp; sourceTree = "<group>"; };
		93B112DA0FDE08FB0074580B /* object_rep.hpp */ = {isa = PBXFileReference; fileEncoding = 4; lastKnownFileType = sourcecode.cpp.h; name = object_rep.hpp; path = lib/luabind/luabind/detail/object_rep.hpp; sourceTree = "<group>"; };
		93B112DB0FDE08FB0074580B /* most_derived.hpp */ = {isa = PBXFileReference; fileEncoding = 4; lastKnownFileType = sourcecode.cpp.h; name = most_derived.hpp; path = lib/luabind/luabind/detail/most_derived.hpp; sourceTree = "<group>"; };
		93B112DC0FDE08FB0074580B /* class_rep.hpp */ = {isa = PBXFileReference; fileEncoding = 4; lastKnownFileType = sourcecode.cpp.h; name = class_rep.hpp; path = lib/luabind/luabind/detail/class_rep.hpp; sourceTree = "<group>"; };
		93B112DD0FDE08FB0074580B /* class_cache.hpp */ = {isa = PBXFileReference; fileEncoding = 4; lastKnownFileType = sourcecode.cpp.h; name = class_cache.hpp; path = lib/luabind/luabind/detail/class_cache.hpp; sourceTree = "<group>"; };
		93B112DE0FDE08FB0074580B /* is_indirect_const.hpp */ = {isa = PBXFileReference; fileEncoding = 4; lastKnownFileType = sourcecode.cpp.h; name = is_indirect_const.hpp; path = lib/luabind/luabind/detail/is_indirect_const.hpp; sourceTree = "<group>"; };
		93B112DF0FDE08FB0074580B /* other.hpp */ = {isa = PBXFileReference; fileEncoding = 4; lastKnownFileType = sourcecode.cpp.h; name = other.hpp; path = lib/luabind/luabind/detail/other.hpp; sourceTree = "<group>"; };
		93B112E00FDE08FB0074580B /* overload_rep.hpp */ = {isa = PBXFileReference; fileEncoding = 4; lastKnownFileType = sourcecode.cpp.h; name = overload_rep.hpp; path = lib/luabind/luabind/detail/overload_rep.hpp; sourceTree = "<group>"; };
		93B112E10FDE08FB0074580B /* construct_rep.hpp */ = {isa = PBXFileReference; fileEncoding = 4; lastKnownFileType = sourcecode.cpp.h; name = construct_rep.hpp; path = lib/luabind/luabind/detail/construct_rep.hpp; sourceTree = "<group>"; };
		93B112E20FDE08FB0074580B /* operator_id.hpp */ = {isa = PBXFileReference; fileEncoding = 4; lastKnownFileType = sourcecode.cpp.h; name = operator_id.hpp; path = lib/luabind/luabind/detail/operator_id.hpp; sourceTree = "<group>"; };
		93B112E30FDE08FB0074580B /* property.hpp */ = {isa = PBXFileReference; fileEncoding = 4; lastKnownFileType = sourcecode.cpp.h; name = property.hpp; path = lib/luabind/luabind/detail/property.hpp; sourceTree = "<group>"; };
		93B112E40FDE08FB0074580B /* deduce_signature.hpp */ = {isa = PBXFileReference; fileEncoding = 4; lastKnownFileType = sourcecode.cpp.h; name = deduce_signature.hpp; path = lib/luabind/luabind/detail/deduce_signature.hpp; sourceTree = "<group>"; };
		93B112E50FDE08FB0074580B /* garbage_collector.hpp */ = {isa = PBXFileReference; fileEncoding = 4; lastKnownFileType = sourcecode.cpp.h; name = garbage_collector.hpp; path = lib/luabind/luabind/detail/garbage_collector.hpp; sourceTree = "<group>"; };
		93B112E60FDE08FB0074580B /* pcall.hpp */ = {isa = PBXFileReference; fileEncoding = 4; lastKnownFileType = sourcecode.cpp.h; name = pcall.hpp; path = lib/luabind/luabind/detail/pcall.hpp; sourceTree = "<group>"; };
		93B112E70FDE08FB0074580B /* format_signature.hpp */ = {isa = PBXFileReference; fileEncoding = 4; lastKnownFileType = sourcecode.cpp.h; name = format_signature.hpp; path = lib/luabind/luabind/detail/format_signature.hpp; sourceTree = "<group>"; };
		93B112E80FDE08FB0074580B /* ref.hpp */ = {isa = PBXFileReference; fileEncoding = 4; lastKnownFileType = sourcecode.cpp.h; name = ref.hpp; path = lib/luabind/luabind/detail/ref.hpp; sourceTree = "<group>"; };
		93B112E90FDE08FB0074580B /* has_get_pointer.hpp */ = {isa = PBXFileReference; fileEncoding = 4; lastKnownFileType = sourcecode.cpp.h; name = has_get_pointer.hpp; path = lib/luabind/luabind/detail/has_get_pointer.hpp; sourceTree = "<group>"; };
		93B112EA0FDE08FB0074580B /* stack_utils.hpp */ = {isa = PBXFileReference; fileEncoding = 4; lastKnownFileType = sourcecode.cpp.h; name = stack_utils.hpp; path = lib/luabind/luabind/detail/stack_utils.hpp; sourceTree = "<group>"; };
		93B112EB0FDE08FB0074580B /* signature_match.hpp */ = {isa = PBXFileReference; fileEncoding = 4; lastKnownFileType = sourcecode.cpp.h; name = signature_match.hpp; path = lib/luabind/luabind/detail/signature_match.hpp; sourceTree = "<group>"; };
		93B112EC0FDE08FB0074580B /* object_call.hpp */ = {isa = PBXFileReference; fileEncoding = 4; lastKnownFileType = sourcecode.cpp.h; name = object_call.hpp; path = lib/luabind/luabind/detail/object_call.hpp; sourceTree = "<group>"; };
		93B112ED0FDE08FB0074580B /* primitives.hpp */ = {isa = PBXFileReference; fileEncoding = 4; lastKnownFileType = sourcecode.cpp.h; name = primitives.hpp; path = lib/luabind/luabind/detail/primitives.hpp; sourceTree = "<group>"; };
		93B112EE0FDE08FB0074580B /* decorate_type.hpp */ = {isa = PBXFileReference; fileEncoding = 4; lastKnownFileType = sourcecode.cpp.h; name = decorate_type.hpp; path = lib/luabind/luabind/detail/decorate_type.hpp; sourceTree = "<group>"; };
		93B112EF0FDE08FB0074580B /* pointee_sizeof.hpp */ = {isa = PBXFileReference; fileEncoding = 4; lastKnownFileType = sourcecode.cpp.h; name = pointee_sizeof.hpp; path = lib/luabind/luabind/detail/pointee_sizeof.hpp; sourceTree = "<group>"; };
		93B112F00FDE08FB0074580B /* overload_rep_base.hpp */ = {isa = PBXFileReference; fileEncoding = 4; lastKnownFileType = sourcecode.cpp.h; name = overload_rep_base.hpp; path = lib/luabind/luabind/detail/overload_rep_base.hpp; sourceTree = "<group>"; };
		93B112F10FDE08FB0074580B /* debug.hpp */ = {isa = PBXFileReference; fileEncoding = 4; lastKnownFileType = sourcecode.cpp.h; name = debug.hpp; path = lib/luabind/luabind/detail/debug.hpp; sourceTree = "<group>"; };
		93B112F20FDE08FB0074580B /* policy.hpp */ = {isa = PBXFileReference; fileEncoding = 4; lastKnownFileType = sourcecode.cpp.h; name = policy.hpp; path = lib/luabind/luabind/detail/policy.hpp; sourceTree = "<group>"; };
		93B112F30FDE08FB0074580B /* compute_score.hpp */ = {isa = PBXFileReference; fileEncoding = 4; lastKnownFileType = sourcecode.cpp.h; name = compute_score.hpp; path = lib/luabind/luabind/detail/compute_score.hpp; sourceTree = "<group>"; };
		93B98DE10FDE24FC00DE735F /* Console.h */ = {isa = PBXFileReference; fileEncoding = 4; lastKnownFileType = sourcecode.c.h; name = Console.h; path = System/Console.h; sourceTree = "<group>"; };
		93B98DE20FDE24FC00DE735F /* Console.cpp */ = {isa = PBXFileReference; fileEncoding = 4; lastKnownFileType = sourcecode.cpp.cpp; name = Console.cpp; path = System/Console.cpp; sourceTree = "<group>"; };
		93BD08420FDB60B900F46A41 /* Client.h */ = {isa = PBXFileReference; fileEncoding = 4; lastKnownFileType = sourcecode.c.h; name = Client.h; path = System/Client.h; sourceTree = "<group>"; };
		93BD08430FDB60B900F46A41 /* Client.cpp */ = {isa = PBXFileReference; fileEncoding = 4; lastKnownFileType = sourcecode.cpp.cpp; name = Client.cpp; path = System/Client.cpp; sourceTree = "<group>"; };
		93C6F2D60FD491E200957990 /* Vector.h */ = {isa = PBXFileReference; fileEncoding = 4; lastKnownFileType = sourcecode.c.h; name = Vector.h; path = Math/Vector.h; sourceTree = "<group>"; };
		93C6F2D70FD491E200957990 /* Vector.cpp */ = {isa = PBXFileReference; fileEncoding = 4; lastKnownFileType = sourcecode.cpp.cpp; name = Vector.cpp; path = Math/Vector.cpp; sourceTree = "<group>"; };
		93CBEE800FD15D14006FC272 /* Input.h */ = {isa = PBXFileReference; fileEncoding = 4; lastKnownFileType = sourcecode.c.h; name = Input.h; path = System/Input.h; sourceTree = "<group>"; };
		93CBEE810FD15D14006FC272 /* Input.cpp */ = {isa = PBXFileReference; fileEncoding = 4; lastKnownFileType = sourcecode.cpp.cpp; name = Input.cpp; path = System/Input.cpp; sourceTree = "<group>"; };
		93CBEF110FD183A9006FC272 /* LockFreeFIFO.h */ = {isa = PBXFileReference; fileEncoding = 4; lastKnownFileType = sourcecode.c.h; name = LockFreeFIFO.h; path = Util/LockFreeFIFO.h; sourceTree = "<group>"; };
		93CBEF120FD183A9006FC272 /* LockFreeFIFO.cpp */ = {isa = PBXFileReference; fileEncoding = 4; lastKnownFileType = sourcecode.cpp.cpp; name = LockFreeFIFO.cpp; path = Util/LockFreeFIFO.cpp; sourceTree = "<group>"; };
		93D642500FD5962400F09BE3 /* Entity.h */ = {isa = PBXFileReference; fileEncoding = 4; lastKnownFileType = sourcecode.c.h; name = Entity.h; path = World/Entity.h; sourceTree = "<group>"; };
		93D642510FD5962400F09BE3 /* Entity.cpp */ = {isa = PBXFileReference; fileEncoding = 4; lastKnownFileType = sourcecode.cpp.cpp; name = Entity.cpp; path = World/Entity.cpp; sourceTree = "<group>"; };
		93D642550FD59BF700F09BE3 /* PlayerEntity.h */ = {isa = PBXFileReference; fileEncoding = 4; lastKnownFileType = sourcecode.c.h; name = PlayerEntity.h; path = World/PlayerEntity.h; sourceTree = "<group>"; };
		93D6426B0FD59EFD00F09BE3 /* PlayerEntity.cpp */ = {isa = PBXFileReference; fileEncoding = 4; lastKnownFileType = sourcecode.cpp.cpp; name = PlayerEntity.cpp; path = World/PlayerEntity.cpp; sourceTree = "<group>"; };
		93D642700FD5A1D600F09BE3 /* common_checked_type.h */ = {isa = PBXFileReference; fileEncoding = 4; lastKnownFileType = sourcecode.c.h; path = common_checked_type.h; sourceTree = "<group>"; };
		93D642720FD5A2EC00F09BE3 /* Level.h */ = {isa = PBXFileReference; fileEncoding = 4; lastKnownFileType = sourcecode.c.h; name = Level.h; path = World/Level.h; sourceTree = "<group>"; };
		93D642730FD5A2EC00F09BE3 /* Level.cpp */ = {isa = PBXFileReference; fileEncoding = 4; lastKnownFileType = sourcecode.cpp.cpp; name = Level.cpp; path = World/Level.cpp; sourceTree = "<group>"; };
		93D643B10FD5B22700F09BE3 /* Plane.h */ = {isa = PBXFileReference; fileEncoding = 4; lastKnownFileType = sourcecode.c.h; name = Plane.h; path = Math/Plane.h; sourceTree = "<group>"; };
		93D643B20FD5B22700F09BE3 /* Plane.cpp */ = {isa = PBXFileReference; fileEncoding = 4; lastKnownFileType = sourcecode.cpp.cpp; name = Plane.cpp; path = Math/Plane.cpp; sourceTree = "<group>"; };
		93DE01A60FDF497100019413 /* WorldStartup.lua */ = {isa = PBXFileReference; fileEncoding = 4; lastKnownFileType = text; name = WorldStartup.lua; path = Resources/WorldStartup.lua; sourceTree = "<group>"; };
		93DE01A80FDF49E000019413 /* VFS.h */ = {isa = PBXFileReference; fileEncoding = 4; lastKnownFileType = sourcecode.c.h; name = VFS.h; path = System/VFS.h; sourceTree = "<group>"; };
		93DE01A90FDF49E000019413 /* VFS.cpp */ = {isa = PBXFileReference; fileEncoding = 4; lastKnownFileType = sourcecode.cpp.cpp; name = VFS.cpp; path = System/VFS.cpp; sourceTree = "<group>"; };
		93E0CBFF0FD5F75B00D23193 /* Timer.h */ = {isa = PBXFileReference; fileEncoding = 4; lastKnownFileType = sourcecode.c.h; name = Timer.h; path = System/Timer.h; sourceTree = "<group>"; };
		93E0CC000FD5F75B00D23193 /* Timer.cpp */ = {isa = PBXFileReference; fileEncoding = 4; lastKnownFileType = sourcecode.cpp.cpp; name = Timer.cpp; path = System/Timer.cpp; sourceTree = "<group>"; };
		C6859E8B029090EE04C91782 /* GameEngine.1 */ = {isa = PBXFileReference; lastKnownFileType = text.man; path = GameEngine.1; sourceTree = "<group>"; };
/* End PBXFileReference section */

/* Begin PBXFrameworksBuildPhase section */
		8DD76F660486A84900D96B5E /* Frameworks */ = {
			isa = PBXFrameworksBuildPhase;
			buildActionMask = 2147483647;
			files = (
				932BCDC00FCF37A60073DF91 /* libboost_thread-xgcc40-mt-1_39.dylib in Frameworks */,
				938B06940FD09B1E007C5F3D /* GLUT.framework in Frameworks */,
				938B06980FD09B4F007C5F3D /* OpenGL.framework in Frameworks */,
				938B07460FD0A971007C5F3D /* Cocoa.framework in Frameworks */,
				931D17E00FD2CEEF00D5D4BE /* IOKit.framework in Frameworks */,
				93A1F0780FD2DB6100F7F1CC /* libphysfs.2.0.0.dylib in Frameworks */,
				93A1F0990FD2DCE600F7F1CC /* SDL.framework in Frameworks */,
			);
			runOnlyForDeploymentPostprocessing = 0;
		};
/* End PBXFrameworksBuildPhase section */

/* Begin PBXGroup section */
		08FB7794FE84155DC02AAC07 /* GameEngine */ = {
			isa = PBXGroup;
			children = (
				08FB7795FE84155DC02AAC07 /* Source */,
				C6859E8C029090F304C91782 /* Documentation */,
				93AAE25E0FCD93CD00EA409C /* Libraries */,
				93DE01A50FDF495800019413 /* Resources */,
				1AB674ADFE9D54B511CA2CBB /* Products */,
			);
			name = GameEngine;
			sourceTree = "<group>";
		};
		08FB7795FE84155DC02AAC07 /* Source */ = {
			isa = PBXGroup;
			children = (
				932BCDED0FCF3CAC0073DF91 /* Headers */,
				93A1F1500FD2ED3000F7F1CC /* Math */,
				938B068A0FD09A40007C5F3D /* Render */,
				938B074A0FD0A983007C5F3D /* SDL */,
				93AAE2720FCD967A00EA409C /* System */,
				93CBEF100FD18399006FC272 /* Util */,
				934A793A0FD1F57300E8982E /* World */,
				9332B3EB0FDCAF0B00091DD8 /* VM */,
				08FB7796FE84155DC02AAC07 /* main.cpp */,
			);
			name = Source;
			sourceTree = "<group>";
		};
		1AB674ADFE9D54B511CA2CBB /* Products */ = {
			isa = PBXGroup;
			children = (
				8DD76F6C0486A84900D96B5E /* GameEngine */,
			);
			name = Products;
			sourceTree = "<group>";
		};
		9320CEF00FD5C2D200BE893A /* World Headers */ = {
			isa = PBXGroup;
			children = (
				93D642720FD5A2EC00F09BE3 /* Level.h */,
				93D642500FD5962400F09BE3 /* Entity.h */,
				93765C2A0FD49FD100CE09B0 /* ParticleSystem.h */,
				93A1F1460FD2ECBE00F7F1CC /* Mesh.h */,
				93A1F1300FD2EADC00F7F1CC /* World.h */,
				934A79430FD1F6ED00E8982E /* Resources.h */,
				938F9F020FEB26EE000E4F91 /* ResourceManager.h */,
				93D642550FD59BF700F09BE3 /* PlayerEntity.h */,
				934A793B0FD1F58400E8982E /* Texture.h */,
				9393759C0FD6008A007C8E60 /* WorldUpdater.h */,
			);
			name = "World Headers";
			sourceTree = "<group>";
		};
		932BCDEC0FCF3CA00073DF91 /* System Headers */ = {
			isa = PBXGroup;
			children = (
				93B98DE10FDE24FC00DE735F /* Console.h */,
				93DE01A80FDF49E000019413 /* VFS.h */,
				93BD08420FDB60B900F46A41 /* Client.h */,
				93CBEE800FD15D14006FC272 /* Input.h */,
				932BCDE20FCF3AB50073DF91 /* Kernel.h */,
				93AAE2670FCD941C00EA409C /* Task.h */,
				938B06900FD09A7C007C5F3D /* Window.h */,
				93E0CBFF0FD5F75B00D23193 /* Timer.h */,
			);
			name = "System Headers";
			sourceTree = "<group>";
		};
		932BCDED0FCF3CAC0073DF91 /* Headers */ = {
			isa = PBXGroup;
			children = (
				93D642700FD5A1D600F09BE3 /* common_checked_type.h */,
				932BCDD10FCF38FB0073DF91 /* common.h */,
			);
			name = Headers;
			sourceTree = "<group>";
		};
		9332B3EB0FDCAF0B00091DD8 /* VM */ = {
			isa = PBXGroup;
			children = (
				9332B3EC0FDCAF6D00091DD8 /* Script.h */,
				9332B3ED0FDCAF6D00091DD8 /* Script.cpp */,
				9332B3EF0FDCAFE500091DD8 /* VM.h */,
				9332B3F00FDCAFE500091DD8 /* VM.cpp */,
				93641A220FE3701B00D851E2 /* VMCall.h */,
			);
			name = VM;
			sourceTree = "<group>";
		};
		934A793A0FD1F57300E8982E /* World */ = {
			isa = PBXGroup;
			children = (
				9320CEF00FD5C2D200BE893A /* World Headers */,
				934A793C0FD1F58400E8982E /* Texture.cpp */,
				93A1F1310FD2EADC00F7F1CC /* World.cpp */,
				93A1F1470FD2ECBE00F7F1CC /* Mesh.cpp */,
				93765C2B0FD49FD100CE09B0 /* ParticleSystem.cpp */,
				93D642730FD5A2EC00F09BE3 /* Level.cpp */,
				93D642510FD5962400F09BE3 /* Entity.cpp */,
				93D6426B0FD59EFD00F09BE3 /* PlayerEntity.cpp */,
				938F9F030FEB26EE000E4F91 /* ResourceManager.cpp */,
				9393759D0FD6008A007C8E60 /* WorldUpdater.cpp */,
			);
			name = World;
			sourceTree = "<group>";
		};
		93654D040FE0B93E00DB68A8 /* lua */ = {
			isa = PBXGroup;
			children = (
				93654D050FE0B94B00DB68A8 /* src */,
			);
			name = lua;
			sourceTree = "<group>";
		};
		93654D050FE0B94B00DB68A8 /* src */ = {
			isa = PBXGroup;
			children = (
				93654E580FE0B98900DB68A8 /* print.c */,
				93654E590FE0B98900DB68A8 /* lzio.c */,
				93654E5A0FE0B98900DB68A8 /* lvm.c */,
				93654E5B0FE0B98900DB68A8 /* lundump.c */,
				93654E5E0FE0B98900DB68A8 /* ltm.c */,
				93654E5F0FE0B98900DB68A8 /* ltablib.c */,
				93654E600FE0B98900DB68A8 /* ltable.c */,
				93654E610FE0B98900DB68A8 /* lstrlib.c */,
				93654E620FE0B98900DB68A8 /* lstring.c */,
				93654E630FE0B98900DB68A8 /* lstate.c */,
				93654E640FE0B98900DB68A8 /* lparser.c */,
				93654E650FE0B98900DB68A8 /* liolib.c */,
				93654E660FE0B98900DB68A8 /* linit.c */,
				93654E670FE0B98900DB68A8 /* lgc.c */,
				93654E680FE0B98900DB68A8 /* lfunc.c */,
				93654E690FE0B98900DB68A8 /* ldebug.c */,
				93654E6A0FE0B98900DB68A8 /* ldo.c */,
				93654E6B0FE0B98900DB68A8 /* lobject.c */,
				93654E6C0FE0B98900DB68A8 /* loadlib.c */,
				93654E6D0FE0B98900DB68A8 /* lmem.c */,
				93654E6E0FE0B98900DB68A8 /* lmathlib.c */,
				93654E6F0FE0B98900DB68A8 /* llex.c */,
				93654E700FE0B98900DB68A8 /* ldump.c */,
				93654E710FE0B98900DB68A8 /* loslib.c */,
				93654E720FE0B98900DB68A8 /* lopcodes.c */,
				93654E730FE0B98900DB68A8 /* lapi.c */,
				93654E740FE0B98900DB68A8 /* lbaselib.c */,
				93654E750FE0B98900DB68A8 /* lauxlib.c */,
				93654E760FE0B98900DB68A8 /* ldblib.c */,
				93654E770FE0B98900DB68A8 /* lcode.c */,
			);
			name = src;
			sourceTree = "<group>";
		};
		938B068A0FD09A40007C5F3D /* Render */ = {
			isa = PBXGroup;
			children = (
				938B068C0FD09A4D007C5F3D /* Render.h */,
				938B068D0FD09A4D007C5F3D /* Render.cpp */,
			);
			name = Render;
			sourceTree = "<group>";
		};
		938B074A0FD0A983007C5F3D /* SDL */ = {
			isa = PBXGroup;
			children = (
				938B074B0FD0A983007C5F3D /* SDLMain.m */,
				938B074C0FD0A983007C5F3D /* SDLMain.h */,
			);
			name = SDL;
			sourceTree = "<group>";
		};
		93A1F0C30FD2DCEB00F7F1CC /* SDL_Image */ = {
			isa = PBXGroup;
			children = (
				93A1F0DF0FD2DCFB00F7F1CC /* SDL_image.h */,
				93A1F0C50FD2DCF500F7F1CC /* IMG_lbm.c */,
				93A1F0C60FD2DCF500F7F1CC /* IMG_xv.c */,
				93A1F0C70FD2DCF500F7F1CC /* IMG_bmp.c */,
				93A1F0C80FD2DCF500F7F1CC /* IMG_xcf.c */,
				93A1F0C90FD2DCF600F7F1CC /* IMG_gif.c */,
				93A1F0CA0FD2DCF600F7F1CC /* IMG_tga.c */,
				93A1F0CB0FD2DCF600F7F1CC /* IMG_png.c */,
				93A1F0CC0FD2DCF600F7F1CC /* IMG_jpg.c */,
				93A1F0CD0FD2DCF600F7F1CC /* IMG_pnm.c */,
				93A1F0CE0FD2DCF600F7F1CC /* IMG_xpm.c */,
				93A1F0CF0FD2DCF600F7F1CC /* IMG.c */,
				93A1F0D00FD2DCF600F7F1CC /* IMG_pcx.c */,
				93A1F0D10FD2DCF600F7F1CC /* IMG_tif.c */,
			);
			name = SDL_Image;
			sourceTree = "<group>";
		};
		93A1F1500FD2ED3000F7F1CC /* Math */ = {
			isa = PBXGroup;
			children = (
				93A1F1550FD2EDC200F7F1CC /* Math Headers */,
				93A1F1520FD2ED8500F7F1CC /* Vertex.cpp */,
				93C6F2D70FD491E200957990 /* Vector.cpp */,
				93D643B20FD5B22700F09BE3 /* Plane.cpp */,
			);
			name = Math;
			sourceTree = "<group>";
		};
		93A1F1550FD2EDC200F7F1CC /* Math Headers */ = {
			isa = PBXGroup;
			children = (
				93D643B10FD5B22700F09BE3 /* Plane.h */,
				93C6F2D60FD491E200957990 /* Vector.h */,
				93A1F1540FD2EDBF00F7F1CC /* Vertex.h */,
			);
			name = "Math Headers";
			sourceTree = "<group>";
		};
		93AAE25E0FCD93CD00EA409C /* Libraries */ = {
			isa = PBXGroup;
			children = (
				93654D040FE0B93E00DB68A8 /* lua */,
				93B112770FDE08BF0074580B /* luabind */,
				93A1F0C30FD2DCEB00F7F1CC /* SDL_Image */,
				93A1F0980FD2DCE600F7F1CC /* SDL.framework */,
				93A1F0770FD2DB6100F7F1CC /* libphysfs.2.0.0.dylib */,
				931D17DF0FD2CEEF00D5D4BE /* IOKit.framework */,
				938B07450FD0A971007C5F3D /* Cocoa.framework */,
				938B06970FD09B4F007C5F3D /* OpenGL.framework */,
				938B06930FD09B1E007C5F3D /* GLUT.framework */,
				932BCDBF0FCF37A60073DF91 /* libboost_thread-xgcc40-mt-1_39.dylib */,
			);
			name = Libraries;
			sourceTree = "<group>";
		};
		93AAE2720FCD967A00EA409C /* System */ = {
			isa = PBXGroup;
			children = (
				932BCDEC0FCF3CA00073DF91 /* System Headers */,
				93CBEE810FD15D14006FC272 /* Input.cpp */,
				932BCDE30FCF3AB50073DF91 /* Kernel.cpp */,
				93AAE2680FCD941C00EA409C /* Task.cpp */,
				938B06910FD09A7C007C5F3D /* Window.cpp */,
				93E0CC000FD5F75B00D23193 /* Timer.cpp */,
				93BD08430FDB60B900F46A41 /* Client.cpp */,
				93B98DE20FDE24FC00DE735F /* Console.cpp */,
				93DE01A90FDF49E000019413 /* VFS.cpp */,
			);
			name = System;
			sourceTree = "<group>";
		};
		93B112770FDE08BF0074580B /* luabind */ = {
			isa = PBXGroup;
			children = (
				93B112790FDE08D20074580B /* luabind */,
				93B112780FDE08CC0074580B /* src */,
			);
			name = luabind;
			sourceTree = "<group>";
		};
		93B112780FDE08CC0074580B /* src */ = {
			isa = PBXGroup;
			children = (
				93B1127A0FDE08DB0074580B /* find_best_match.cpp */,
				93B1127B0FDE08DB0074580B /* error.cpp */,
				93B1127C0FDE08DB0074580B /* create_class.cpp */,
				93B1127D0FDE08DB0074580B /* class.cpp */,
				93B1127E0FDE08DB0074580B /* wrapper_base.cpp */,
				93B1127F0FDE08DB0074580B /* stack_content_by_name.cpp */,
				93B112800FDE08DB0074580B /* function.cpp */,
				93B112810FDE08DB0074580B /* ref.cpp */,
				93B112820FDE08DB0074580B /* implicit_cast.cpp */,
				93B112830FDE08DB0074580B /* open.cpp */,
				93B112840FDE08DB0074580B /* exception_handler.cpp */,
				93B112850FDE08DB0074580B /* class_registry.cpp */,
				93B112860FDE08DB0074580B /* object_rep.cpp */,
				93B112870FDE08DB0074580B /* scope.cpp */,
				93B112880FDE08DB0074580B /* link_compatibility.cpp */,
				93B112890FDE08DB0074580B /* pcall.cpp */,
				93B1128A0FDE08DB0074580B /* class_rep.cpp */,
				93B1128B0FDE08DB0074580B /* weak_ref.cpp */,
				93B1128C0FDE08DB0074580B /* overload_rep.cpp */,
				93B1128D0FDE08DB0074580B /* class_info.cpp */,
			);
			name = src;
			sourceTree = "<group>";
		};
		93B112790FDE08D20074580B /* luabind */ = {
			isa = PBXGroup;
			children = (
				93B112A30FDE08ED0074580B /* discard_result_policy.hpp */,
				93B112A40FDE08ED0074580B /* wrapper_base.hpp */,
				93B112A50FDE08ED0074580B /* open.hpp */,
				93B112A60FDE08ED0074580B /* scope.hpp */,
				93B112A70FDE08ED0074580B /* object.hpp */,
				93B112A80FDE08ED0074580B /* luabind.hpp */,
				93B112A90FDE08ED0074580B /* dependency_policy.hpp */,
				93B112AA0FDE08ED0074580B /* make_function.hpp */,
				93B112AB0FDE08ED0074580B /* copy_policy.hpp */,
				93B112AC0FDE08ED0074580B /* lua_include.hpp */,
				93B112AD0FDE08ED0074580B /* return_reference_to_policy.hpp */,
				93B112AE0FDE08ED0074580B /* weak_ref.hpp */,
				93B112AF0FDE08ED0074580B /* raw_policy.hpp */,
				93B112B00FDE08ED0074580B /* operator.hpp */,
				93B112B10FDE08ED0074580B /* get_pointer.hpp */,
				93B112B20FDE08ED0074580B /* value_wrapper.hpp */,
				93B112B30FDE08ED0074580B /* class.hpp */,
				93B112B40FDE08ED0074580B /* from_stack.hpp */,
				93B112B50FDE08ED0074580B /* out_value_policy.hpp */,
				93B112B60FDE08ED0074580B /* yield_policy.hpp */,
				93B112B70FDE08ED0074580B /* back_reference.hpp */,
				93B112B80FDE08ED0074580B /* error.hpp */,
				93B112B90FDE08ED0074580B /* handle.hpp */,
				93B112BA0FDE08ED0074580B /* iterator_policy.hpp */,
				93B112BB0FDE08ED0074580B /* nil.hpp */,
				93B112BC0FDE08ED0074580B /* adopt_policy.hpp */,
				93B112BD0FDE08ED0074580B /* function.hpp */,
				93B112BE0FDE08ED0074580B /* exception_handler.hpp */,
				93B112BF0FDE08ED0074580B /* config.hpp */,
				93B112C00FDE08ED0074580B /* prefix.hpp */,
				93B112C10FDE08ED0074580B /* version.hpp */,
				93B112C20FDE08ED0074580B /* container_policy.hpp */,
				93B112C30FDE08ED0074580B /* class_info.hpp */,
				93B112C40FDE08ED0074580B /* tag_function.hpp */,
				93B112C50FDE08ED0074580B /* back_reference_fwd.hpp */,
				93B112A20FDE08E60074580B /* detail */,
			);
			name = luabind;
			sourceTree = "<group>";
		};
		93B112A20FDE08E60074580B /* detail */ = {
			isa = PBXGroup;
			children = (
				93B112C60FDE08FB0074580B /* constructor.hpp */,
				93B112C70FDE08FB0074580B /* get_signature.hpp */,
				93B112C80FDE08FB0074580B /* class_registry.hpp */,
				93B112C90FDE08FB0074580B /* call_operator_iterate.hpp */,
				93B112CA0FDE08FB0074580B /* find_best_match.hpp */,
				93B112CB0FDE08FB0074580B /* get_overload_signature.hpp */,
				93B112CC0FDE08FB0074580B /* object_funs.hpp */,
				93B112CD0FDE08FB0074580B /* call_function.hpp */,
				93B112CE0FDE08FB0074580B /* call.hpp */,
				93B112CF0FDE08FB0074580B /* open.hpp */,
				93B112D00FDE08FB0074580B /* typetraits.hpp */,
				93B112D10FDE08FB0074580B /* pointee_typeid.hpp */,
				93B112D20FDE08FB0074580B /* link_compatibility.hpp */,
				93B112D30FDE08FB0074580B /* implicit_cast.hpp */,
				93B112D40FDE08FB0074580B /* enum_maker.hpp */,
				93B112D50FDE08FB0074580B /* call_member.hpp */,
				93B112D60FDE08FB0074580B /* conversion_storage.hpp */,
				93B112D70FDE08FB0074580B /* calc_arity.hpp */,
				93B112D80FDE08FB0074580B /* yes_no.hpp */,
				93B112D90FDE08FB0074580B /* convert_to_lua.hpp */,
				93B112DA0FDE08FB0074580B /* object_rep.hpp */,
				93B112DB0FDE08FB0074580B /* most_derived.hpp */,
				93B112DC0FDE08FB0074580B /* class_rep.hpp */,
				93B112DD0FDE08FB0074580B /* class_cache.hpp */,
				93B112DE0FDE08FB0074580B /* is_indirect_const.hpp */,
				93B112DF0FDE08FB0074580B /* other.hpp */,
				93B112E00FDE08FB0074580B /* overload_rep.hpp */,
				93B112E10FDE08FB0074580B /* construct_rep.hpp */,
				93B112E20FDE08FB0074580B /* operator_id.hpp */,
				93B112E30FDE08FB0074580B /* property.hpp */,
				93B112E40FDE08FB0074580B /* deduce_signature.hpp */,
				93B112E50FDE08FB0074580B /* garbage_collector.hpp */,
				93B112E60FDE08FB0074580B /* pcall.hpp */,
				93B112E70FDE08FB0074580B /* format_signature.hpp */,
				93B112E80FDE08FB0074580B /* ref.hpp */,
				93B112E90FDE08FB0074580B /* has_get_pointer.hpp */,
				93B112EA0FDE08FB0074580B /* stack_utils.hpp */,
				93B112EB0FDE08FB0074580B /* signature_match.hpp */,
				93B112EC0FDE08FB0074580B /* object_call.hpp */,
				93B112ED0FDE08FB0074580B /* primitives.hpp */,
				93B112EE0FDE08FB0074580B /* decorate_type.hpp */,
				93B112EF0FDE08FB0074580B /* pointee_sizeof.hpp */,
				93B112F00FDE08FB0074580B /* overload_rep_base.hpp */,
				93B112F10FDE08FB0074580B /* debug.hpp */,
				93B112F20FDE08FB0074580B /* policy.hpp */,
				93B112F30FDE08FB0074580B /* compute_score.hpp */,
			);
			name = detail;
			sourceTree = "<group>";
		};
		93CBEF100FD18399006FC272 /* Util */ = {
			isa = PBXGroup;
			children = (
				93CBEF110FD183A9006FC272 /* LockFreeFIFO.h */,
				93CBEF120FD183A9006FC272 /* LockFreeFIFO.cpp */,
			);
			name = Util;
			sourceTree = "<group>";
		};
		93DE01A50FDF495800019413 /* Resources */ = {
			isa = PBXGroup;
			children = (
				93DE01A60FDF497100019413 /* WorldStartup.lua */,
			);
			name = Resources;
			sourceTree = "<group>";
		};
		C6859E8C029090F304C91782 /* Documentation */ = {
			isa = PBXGroup;
			children = (
				C6859E8B029090EE04C91782 /* GameEngine.1 */,
			);
			name = Documentation;
			sourceTree = "<group>";
		};
/* End PBXGroup section */

/* Begin PBXNativeTarget section */
		8DD76F620486A84900D96B5E /* GameEngine */ = {
			isa = PBXNativeTarget;
			buildConfigurationList = 1DEB923108733DC60010E9CD /* Build configuration list for PBXNativeTarget "GameEngine" */;
			buildPhases = (
				8DD76F640486A84900D96B5E /* Sources */,
				8DD76F660486A84900D96B5E /* Frameworks */,
				8DD76F690486A84900D96B5E /* CopyFiles */,
			);
			buildRules = (
			);
			dependencies = (
			);
			name = GameEngine;
			productInstallPath = "$(HOME)/bin";
			productName = GameEngine;
			productReference = 8DD76F6C0486A84900D96B5E /* GameEngine */;
			productType = "com.apple.product-type.tool";
		};
/* End PBXNativeTarget section */

/* Begin PBXProject section */
		08FB7793FE84155DC02AAC07 /* Project object */ = {
			isa = PBXProject;
			buildConfigurationList = 1DEB923508733DC60010E9CD /* Build configuration list for PBXProject "GameEngine" */;
			compatibilityVersion = "Xcode 3.0";
			hasScannedForEncodings = 1;
			mainGroup = 08FB7794FE84155DC02AAC07 /* GameEngine */;
			projectDirPath = "";
			projectRoot = "";
			targets = (
				8DD76F620486A84900D96B5E /* GameEngine */,
			);
		};
/* End PBXProject section */

/* Begin PBXSourcesBuildPhase section */
		8DD76F640486A84900D96B5E /* Sources */ = {
			isa = PBXSourcesBuildPhase;
			buildActionMask = 2147483647;
			files = (
				8DD76F650486A84900D96B5E /* main.cpp in Sources */,
				93AAE2690FCD941C00EA409C /* Task.cpp in Sources */,
				932BCDE40FCF3AB50073DF91 /* Kernel.cpp in Sources */,
				938B068E0FD09A4D007C5F3D /* Render.cpp in Sources */,
				938B06920FD09A7C007C5F3D /* Window.cpp in Sources */,
				938B074D0FD0A983007C5F3D /* SDLMain.m in Sources */,
				93CBEE820FD15D14006FC272 /* Input.cpp in Sources */,
				93CBEF130FD183A9006FC272 /* LockFreeFIFO.cpp in Sources */,
				934A793D0FD1F58400E8982E /* Texture.cpp in Sources */,
				93A1F0D20FD2DCF600F7F1CC /* IMG_lbm.c in Sources */,
				93A1F0D30FD2DCF600F7F1CC /* IMG_xv.c in Sources */,
				93A1F0D40FD2DCF600F7F1CC /* IMG_bmp.c in Sources */,
				93A1F0D50FD2DCF600F7F1CC /* IMG_xcf.c in Sources */,
				93A1F0D60FD2DCF600F7F1CC /* IMG_gif.c in Sources */,
				93A1F0D70FD2DCF600F7F1CC /* IMG_tga.c in Sources */,
				93A1F0D80FD2DCF600F7F1CC /* IMG_png.c in Sources */,
				93A1F0D90FD2DCF600F7F1CC /* IMG_jpg.c in Sources */,
				93A1F0DA0FD2DCF600F7F1CC /* IMG_pnm.c in Sources */,
				93A1F0DB0FD2DCF600F7F1CC /* IMG_xpm.c in Sources */,
				93A1F0DC0FD2DCF600F7F1CC /* IMG.c in Sources */,
				93A1F0DD0FD2DCF600F7F1CC /* IMG_pcx.c in Sources */,
				93A1F0DE0FD2DCF600F7F1CC /* IMG_tif.c in Sources */,
				93A1F1320FD2EADC00F7F1CC /* World.cpp in Sources */,
				93A1F1480FD2ECBE00F7F1CC /* Mesh.cpp in Sources */,
				93A1F1530FD2ED8500F7F1CC /* Vertex.cpp in Sources */,
				93C6F2D80FD491E200957990 /* Vector.cpp in Sources */,
				93765C2C0FD49FD100CE09B0 /* ParticleSystem.cpp in Sources */,
				93D642520FD5962400F09BE3 /* Entity.cpp in Sources */,
				93D6426C0FD59EFD00F09BE3 /* PlayerEntity.cpp in Sources */,
				93D642740FD5A2EC00F09BE3 /* Level.cpp in Sources */,
				93D643B30FD5B22700F09BE3 /* Plane.cpp in Sources */,
				93E0CC010FD5F75B00D23193 /* Timer.cpp in Sources */,
				9393759E0FD6008A007C8E60 /* WorldUpdater.cpp in Sources */,
				93BD08440FDB60B900F46A41 /* Client.cpp in Sources */,
				9332B3EE0FDCAF6D00091DD8 /* Script.cpp in Sources */,
				9332B3F10FDCAFE500091DD8 /* VM.cpp in Sources */,
				93B1128E0FDE08DB0074580B /* find_best_match.cpp in Sources */,
				93B1128F0FDE08DB0074580B /* error.cpp in Sources */,
				93B112900FDE08DB0074580B /* create_class.cpp in Sources */,
				93B112910FDE08DB0074580B /* class.cpp in Sources */,
				93B112920FDE08DB0074580B /* wrapper_base.cpp in Sources */,
				93B112930FDE08DB0074580B /* stack_content_by_name.cpp in Sources */,
				93B112940FDE08DB0074580B /* function.cpp in Sources */,
				93B112950FDE08DB0074580B /* ref.cpp in Sources */,
				93B112960FDE08DB0074580B /* implicit_cast.cpp in Sources */,
				93B112970FDE08DB0074580B /* open.cpp in Sources */,
				93B112980FDE08DB0074580B /* exception_handler.cpp in Sources */,
				93B112990FDE08DB0074580B /* class_registry.cpp in Sources */,
				93B1129A0FDE08DB0074580B /* object_rep.cpp in Sources */,
				93B1129B0FDE08DB0074580B /* scope.cpp in Sources */,
				93B1129C0FDE08DB0074580B /* link_compatibility.cpp in Sources */,
				93B1129D0FDE08DB0074580B /* pcall.cpp in Sources */,
				93B1129E0FDE08DB0074580B /* class_rep.cpp in Sources */,
				93B1129F0FDE08DB0074580B /* weak_ref.cpp in Sources */,
				93B112A00FDE08DB0074580B /* overload_rep.cpp in Sources */,
				93B112A10FDE08DB0074580B /* class_info.cpp in Sources */,
				93B98DE30FDE24FC00DE735F /* Console.cpp in Sources */,
				93DE01AA0FDF49E000019413 /* VFS.cpp in Sources */,
				93654E780FE0B98900DB68A8 /* print.c in Sources */,
				93654E790FE0B98900DB68A8 /* lzio.c in Sources */,
				93654E7A0FE0B98900DB68A8 /* lvm.c in Sources */,
				93654E7B0FE0B98900DB68A8 /* lundump.c in Sources */,
				93654E7E0FE0B98900DB68A8 /* ltm.c in Sources */,
				93654E7F0FE0B98900DB68A8 /* ltablib.c in Sources */,
				93654E800FE0B98900DB68A8 /* ltable.c in Sources */,
				93654E810FE0B98900DB68A8 /* lstrlib.c in Sources */,
				93654E820FE0B98900DB68A8 /* lstring.c in Sources */,
				93654E830FE0B98900DB68A8 /* lstate.c in Sources */,
				93654E840FE0B98900DB68A8 /* lparser.c in Sources */,
				93654E850FE0B98900DB68A8 /* liolib.c in Sources */,
				93654E860FE0B98900DB68A8 /* linit.c in Sources */,
				93654E870FE0B98900DB68A8 /* lgc.c in Sources */,
				93654E880FE0B98900DB68A8 /* lfunc.c in Sources */,
				93654E890FE0B98900DB68A8 /* ldebug.c in Sources */,
				93654E8A0FE0B98900DB68A8 /* ldo.c in Sources */,
				93654E8B0FE0B98900DB68A8 /* lobject.c in Sources */,
				93654E8C0FE0B98900DB68A8 /* loadlib.c in Sources */,
				93654E8D0FE0B98900DB68A8 /* lmem.c in Sources */,
				93654E8E0FE0B98900DB68A8 /* lmathlib.c in Sources */,
				93654E8F0FE0B98900DB68A8 /* llex.c in Sources */,
				93654E900FE0B98900DB68A8 /* ldump.c in Sources */,
				93654E910FE0B98900DB68A8 /* loslib.c in Sources */,
				93654E920FE0B98900DB68A8 /* lopcodes.c in Sources */,
				93654E930FE0B98900DB68A8 /* lapi.c in Sources */,
				93654E940FE0B98900DB68A8 /* lbaselib.c in Sources */,
				93654E950FE0B98900DB68A8 /* lauxlib.c in Sources */,
				93654E960FE0B98900DB68A8 /* ldblib.c in Sources */,
				93654E970FE0B98900DB68A8 /* lcode.c in Sources */,
				938F9F040FEB26EE000E4F91 /* ResourceManager.cpp in Sources */,
			);
			runOnlyForDeploymentPostprocessing = 0;
		};
/* End PBXSourcesBuildPhase section */

/* Begin XCBuildConfiguration section */
		1DEB923208733DC60010E9CD /* Debug */ = {
			isa = XCBuildConfiguration;
			buildSettings = {
				COPY_PHASE_STRIP = NO;
				FRAMEWORK_SEARCH_PATHS = (
					"$(inherited)",
					"\"$(SRCROOT)/lib/SDL_image/Xcode/build/Deployment\"",
				);
				GCC_DYNAMIC_NO_PIC = NO;
				GCC_ENABLE_FIX_AND_CONTINUE = YES;
				GCC_MODEL_TUNING = G5;
				GCC_OPTIMIZATION_LEVEL = 0;
				GCC_PREPROCESSOR_DEFINITIONS = (
					"_GLIBCXX_DEBUG=1",
					"_GLIBCXX_DEBUG_PEDANTIC=1",
				);
				INSTALL_PATH = /usr/local/bin;
				LIBRARY_SEARCH_PATHS = (
					"$(inherited)",
					"\"$(SRCROOT)/lib/PhysicsFS/Release\"",
					"\"$(SRCROOT)/lib/PhysicsFS/Debug\"",
					"\"$(SRCROOT)/lib/PhysicsFS\"",
				);
				PRODUCT_NAME = GameEngine;
				ZERO_LINK = YES;
			};
			name = Debug;
		};
		1DEB923308733DC60010E9CD /* Release */ = {
			isa = XCBuildConfiguration;
			buildSettings = {
				DEBUG_INFORMATION_FORMAT = "dwarf-with-dsym";
				FRAMEWORK_SEARCH_PATHS = (
					"$(inherited)",
					"\"$(SRCROOT)/lib/SDL_image/Xcode/build/Deployment\"",
				);
				GCC_MODEL_TUNING = G5;
				INSTALL_PATH = /usr/local/bin;
				LIBRARY_SEARCH_PATHS = (
					"$(inherited)",
					"\"$(SRCROOT)/lib/PhysicsFS/Release\"",
					"\"$(SRCROOT)/lib/PhysicsFS/Debug\"",
					"\"$(SRCROOT)/lib/PhysicsFS\"",
				);
				PRODUCT_NAME = GameEngine;
			};
			name = Release;
		};
		1DEB923608733DC60010E9CD /* Debug */ = {
			isa = XCBuildConfiguration;
			buildSettings = {
				ARCHS = (
					i386,
					ppc,
				);
				GCC_WARN_ABOUT_RETURN_TYPE = YES;
				GCC_WARN_UNUSED_VARIABLE = YES;
				HEADER_SEARCH_PATHS = (
					/usr/local/include,
					.,
					"/usr/local/include/boost-1_39",
					/Library/Frameworks/SDL.framework/Versions/A/Headers,
					lib,
					/Library/Frameworks/Python.framework/Versions/2.6/include/python2.6,
					lib/luabind,
				);
				LIBRARY_SEARCH_PATHS = /usr/local/lib;
				OTHER_LDFLAGS = (
					"-L/Library/Frameworks/Python.framework/Versions/2.6/lib/python2.6/config",
					"-ldl",
					"-lpython2.6",
				);
				PREBINDING = NO;
				SDKROOT = "$(DEVELOPER_SDK_DIR)/MacOSX10.5.sdk";
				VALID_ARCHS = "i386 x86_64";
			};
			name = Debug;
		};
		1DEB923708733DC60010E9CD /* Release */ = {
			isa = XCBuildConfiguration;
			buildSettings = {
				ARCHS = (
					i386,
					ppc,
				);
				GCC_WARN_ABOUT_RETURN_TYPE = YES;
				GCC_WARN_UNUSED_VARIABLE = YES;
				HEADER_SEARCH_PATHS = (
					/usr/local/include,
					.,
					"/usr/local/include/boost-1_39",
					/Library/Frameworks/SDL.framework/Versions/A/Headers,
					lib,
					/Library/Frameworks/Python.framework/Versions/2.6/include/python2.6,
					lib/luabind,
				);
				LIBRARY_SEARCH_PATHS = /usr/local/lib;
				OTHER_LDFLAGS = (
					"-L/Library/Frameworks/Python.framework/Versions/2.6/lib/python2.6/config",
					"-ldl",
					"-lpython2.6",
				);
				PREBINDING = NO;
				SDKROOT = "$(DEVELOPER_SDK_DIR)/MacOSX10.5.sdk";
				VALID_ARCHS = "i386 x86_64";
			};
			name = Release;
		};
/* End XCBuildConfiguration section */

/* Begin XCConfigurationList section */
		1DEB923108733DC60010E9CD /* Build configuration list for PBXNativeTarget "GameEngine" */ = {
			isa = XCConfigurationList;
			buildConfigurations = (
				1DEB923208733DC60010E9CD /* Debug */,
				1DEB923308733DC60010E9CD /* Release */,
			);
			defaultConfigurationIsVisible = 0;
			defaultConfigurationName = Release;
		};
		1DEB923508733DC60010E9CD /* Build configuration list for PBXProject "GameEngine" */ = {
			isa = XCConfigurationList;
			buildConfigurations = (
				1DEB923608733DC60010E9CD /* Debug */,
				1DEB923708733DC60010E9CD /* Release */,
			);
			defaultConfigurationIsVisible = 0;
			defaultConfigurationName = Release;
		};
/* End XCConfigurationList section */
	};
	rootObject = 08FB7793FE84155DC02AAC07 /* Project object */;
}
